// !$*UTF8*$!
{
	archiveVersion = 1;
	classes = {
	};
	objectVersion = 46;
	objects = {

/* Begin PBXBuildFile section */
		050B225D1ACBE5B900A0E904 /* Colors.swift in Sources */ = {isa = PBXBuildFile; fileRef = 050B225C1ACBE5B900A0E904 /* Colors.swift */; };
		050B226C1ACC010200A0E904 /* AuthCountriesViewController.swift in Sources */ = {isa = PBXBuildFile; fileRef = 050B22681ACC010200A0E904 /* AuthCountriesViewController.swift */; };
		050B226D1ACC010200A0E904 /* AuthPhoneViewController.swift in Sources */ = {isa = PBXBuildFile; fileRef = 050B22691ACC010200A0E904 /* AuthPhoneViewController.swift */; };
		050B226E1ACC010200A0E904 /* AuthSmsViewController.swift in Sources */ = {isa = PBXBuildFile; fileRef = 050B226A1ACC010200A0E904 /* AuthSmsViewController.swift */; };
		050B226F1ACC010200A0E904 /* AuthRegisterViewController.swift in Sources */ = {isa = PBXBuildFile; fileRef = 050B226B1ACC010200A0E904 /* AuthRegisterViewController.swift */; };
		050E99BD1ACB4D410052C06B /* AANavigationController.swift in Sources */ = {isa = PBXBuildFile; fileRef = 050E99B71ACB4D410052C06B /* AANavigationController.swift */; };
		050E99BE1ACB4D410052C06B /* AATableViewController.swift in Sources */ = {isa = PBXBuildFile; fileRef = 050E99B81ACB4D410052C06B /* AATableViewController.swift */; };
		050E99C01ACB510A0052C06B /* AAViewController.swift in Sources */ = {isa = PBXBuildFile; fileRef = 050E99BF1ACB510A0052C06B /* AAViewController.swift */; };
		051542E71ACD18050062E3E3 /* Utils.swift in Sources */ = {isa = PBXBuildFile; fileRef = 051542E61ACD18050062E3E3 /* Utils.swift */; };
		0539C7321ADBBA1F00898269 /* AvatarView.swift in Sources */ = {isa = PBXBuildFile; fileRef = 0539C7311ADBBA1F00898269 /* AvatarView.swift */; };
		0541A0581ACDA57E0028E983 /* GroupViewController.swift in Sources */ = {isa = PBXBuildFile; fileRef = 0541A0571ACDA57E0028E983 /* GroupViewController.swift */; };
		0541A05E1ACDA7420028E983 /* GroupPhotoCell.swift in Sources */ = {isa = PBXBuildFile; fileRef = 0541A05D1ACDA7420028E983 /* GroupPhotoCell.swift */; };
		0541A0601ACDA7660028E983 /* GroupMemberCell.swift in Sources */ = {isa = PBXBuildFile; fileRef = 0541A05F1ACDA7660028E983 /* GroupMemberCell.swift */; };
		0541A0651ACDA7A20028E983 /* CommonCell.swift in Sources */ = {isa = PBXBuildFile; fileRef = 0541A0641ACDA7A20028E983 /* CommonCell.swift */; };
		054A25271AD06D250013FAAA /* UserViewController.swift in Sources */ = {isa = PBXBuildFile; fileRef = 054A25261AD06D250013FAAA /* UserViewController.swift */; };
		0564F9E71AD858CC00D8CDF1 /* ConversationViewController.swift in Sources */ = {isa = PBXBuildFile; fileRef = 0564F9E61AD858CC00D8CDF1 /* ConversationViewController.swift */; };
		056911F01ACF321300D4D209 /* Executions.swift in Sources */ = {isa = PBXBuildFile; fileRef = 056911EF1ACF321300D4D209 /* Executions.swift */; };
		05B1A46D1AD0015B005F691D /* BigPlaceholderView.swift in Sources */ = {isa = PBXBuildFile; fileRef = 05B1A46C1AD0015B005F691D /* BigPlaceholderView.swift */; };
		05B1A4701AD01311005F691D /* AddParticipantViewController.swift in Sources */ = {isa = PBXBuildFile; fileRef = 05B1A46F1AD01311005F691D /* AddParticipantViewController.swift */; };
		05B432971ACC08D40073BA69 /* AuthCountryCell.swift in Sources */ = {isa = PBXBuildFile; fileRef = 05B432961ACC08D40073BA69 /* AuthCountryCell.swift */; };
		05C402FC1AD16AAA0075F256 /* UserPhotoCell.swift in Sources */ = {isa = PBXBuildFile; fileRef = 05C402FB1AD16AAA0075F256 /* UserPhotoCell.swift */; };
		05C890581AD71DED002BD07A /* DialogsSearchCell.swift in Sources */ = {isa = PBXBuildFile; fileRef = 05C890571AD71DED002BD07A /* DialogsSearchCell.swift */; };
		05C8905B1AD71EAC002BD07A /* DialogsSearchSource.swift in Sources */ = {isa = PBXBuildFile; fileRef = 05C8905A1AD71EAB002BD07A /* DialogsSearchSource.swift */; };
		05E706461AD1F665009F09D8 /* SettingsViewController.swift in Sources */ = {isa = PBXBuildFile; fileRef = 05E706451AD1F665009F09D8 /* SettingsViewController.swift */; };
		05E706491AD3EDE0009F09D8 /* SettingsPrivacyViewController.swift in Sources */ = {isa = PBXBuildFile; fileRef = 05E706481AD3EDE0009F09D8 /* SettingsPrivacyViewController.swift */; };
		05E7064B1AD3EDEF009F09D8 /* SettingsNotificationsViewController.swift in Sources */ = {isa = PBXBuildFile; fileRef = 05E7064A1AD3EDEF009F09D8 /* SettingsNotificationsViewController.swift */; };
		05EDCD3B1ADDA97F00C57CEF /* TitledCell.swift in Sources */ = {isa = PBXBuildFile; fileRef = 05EDCD3A1ADDA97F00C57CEF /* TitledCell.swift */; };
		05FCE8911AD80340002F0398 /* AABubbleDocumentCell.swift in Sources */ = {isa = PBXBuildFile; fileRef = 05FCE8901AD80340002F0398 /* AABubbleDocumentCell.swift */; };
		0603232C1ADF04FA00C73C0F /* NoSelectionViewController.swift in Sources */ = {isa = PBXBuildFile; fileRef = 0603232B1ADF04FA00C73C0F /* NoSelectionViewController.swift */; };
		060323301ADF078200C73C0F /* Navigtions.swift in Sources */ = {isa = PBXBuildFile; fileRef = 0603232F1ADF078200C73C0F /* Navigtions.swift */; };
		060323621AE0667400C73C0F /* AuthViewController.swift in Sources */ = {isa = PBXBuildFile; fileRef = 060323611AE0667400C73C0F /* AuthViewController.swift */; };
		060323661AE07D1000C73C0F /* MainSplitViewController.swift in Sources */ = {isa = PBXBuildFile; fileRef = 060323651AE07D1000C73C0F /* MainSplitViewController.swift */; };
		0607BAA31B659EB30038A741 /* MeasureUtils.swift in Sources */ = {isa = PBXBuildFile; fileRef = 0607BAA21B659EB20038A741 /* MeasureUtils.swift */; };
		0607BAA51B65CCCF0038A741 /* FMDBIndex.swift in Sources */ = {isa = PBXBuildFile; fileRef = 0607BAA41B65CCCF0038A741 /* FMDBIndex.swift */; };
		060E8BF81B085EDF0000FFB8 /* FileTypes.swift in Sources */ = {isa = PBXBuildFile; fileRef = 060E8BF71B085EDF0000FFB8 /* FileTypes.swift */; };
		06147B941AAE76E900931753 /* CocoaMessenger.swift in Sources */ = {isa = PBXBuildFile; fileRef = 06147B931AAE76E900931753 /* CocoaMessenger.swift */; };
		0623AC4A1AFFB436007CD6B7 /* AAImagePickerController.swift in Sources */ = {isa = PBXBuildFile; fileRef = 0623AC491AFFB436007CD6B7 /* AAImagePickerController.swift */; };
		0623AC5C1B001F8E007CD6B7 /* ariel.caf in Resources */ = {isa = PBXBuildFile; fileRef = 0623AC511B001F8E007CD6B7 /* ariel.caf */; };
		0623AC5D1B001F8E007CD6B7 /* carme.caf in Resources */ = {isa = PBXBuildFile; fileRef = 0623AC521B001F8E007CD6B7 /* carme.caf */; };
		0623AC5E1B001F8E007CD6B7 /* ceres.caf in Resources */ = {isa = PBXBuildFile; fileRef = 0623AC531B001F8E007CD6B7 /* ceres.caf */; };
		0623AC5F1B001F8E007CD6B7 /* elara.caf in Resources */ = {isa = PBXBuildFile; fileRef = 0623AC541B001F8E007CD6B7 /* elara.caf */; };
		0623AC601B001F8E007CD6B7 /* europa.caf in Resources */ = {isa = PBXBuildFile; fileRef = 0623AC551B001F8E007CD6B7 /* europa.caf */; };
		0623AC611B001F8E007CD6B7 /* iapetus.caf in Resources */ = {isa = PBXBuildFile; fileRef = 0623AC561B001F8E007CD6B7 /* iapetus.caf */; };
		0623AC621B001F8E007CD6B7 /* io.caf in Resources */ = {isa = PBXBuildFile; fileRef = 0623AC571B001F8E007CD6B7 /* io.caf */; };
		0623AC631B001F8E007CD6B7 /* rhea.caf in Resources */ = {isa = PBXBuildFile; fileRef = 0623AC581B001F8E007CD6B7 /* rhea.caf */; };
		0623AC641B001F8E007CD6B7 /* salacia.caf in Resources */ = {isa = PBXBuildFile; fileRef = 0623AC591B001F8E007CD6B7 /* salacia.caf */; };
		0623AC651B001F8E007CD6B7 /* tethys.caf in Resources */ = {isa = PBXBuildFile; fileRef = 0623AC5A1B001F8E007CD6B7 /* tethys.caf */; };
		0623AC661B001F8E007CD6B7 /* titan.caf in Resources */ = {isa = PBXBuildFile; fileRef = 0623AC5B1B001F8E007CD6B7 /* titan.caf */; };
		062774371AC070F700A4A8B3 /* SearchSource.swift in Sources */ = {isa = PBXBuildFile; fileRef = 062774361AC070F700A4A8B3 /* SearchSource.swift */; };
		062774391AC073D700A4A8B3 /* ContactsSearchSource.swift in Sources */ = {isa = PBXBuildFile; fileRef = 062774381AC073D700A4A8B3 /* ContactsSearchSource.swift */; };
		063BCF311AB7AC0F00D469AB /* iOSNotificationProvider.swift in Sources */ = {isa = PBXBuildFile; fileRef = 063BCF301AB7AC0F00D469AB /* iOSNotificationProvider.swift */; };
		064153E41B4A09E500238CB0 /* app.json in Resources */ = {isa = PBXBuildFile; fileRef = 064153E31B4A09E500238CB0 /* app.json */; };
		064153F61B4A1F3D00238CB0 /* LaunchScreen.xib in Resources */ = {isa = PBXBuildFile; fileRef = 2537F8421A966B9D004A02E9 /* LaunchScreen.xib */; };
		064153F71B4A1F3D00238CB0 /* Localizable.strings in Resources */ = {isa = PBXBuildFile; fileRef = 0699D4C81ADC8D820005AB9B /* Localizable.strings */; };
		064154061B4A35B700238CB0 /* Config.swift in Sources */ = {isa = PBXBuildFile; fileRef = 064154051B4A35B700238CB0 /* Config.swift */; };
		064903791AB38C6200FA7B1C /* Strings.swift in Sources */ = {isa = PBXBuildFile; fileRef = 064903781AB38C6200FA7B1C /* Strings.swift */; };
		06562FB61B30717A001E4B68 /* UATableData.swift in Sources */ = {isa = PBXBuildFile; fileRef = 06562FB51B30717A001E4B68 /* UATableData.swift */; };
		06562FBC1B3112F8001E4B68 /* Device.swift in Sources */ = {isa = PBXBuildFile; fileRef = 06562FBB1B3112F8001E4B68 /* Device.swift */; };
		0657E1A31B26240A0017B724 /* InviteLinkViewController.swift in Sources */ = {isa = PBXBuildFile; fileRef = 0657E1A21B26240A0017B724 /* InviteLinkViewController.swift */; };
		065811EC1B71781900A6AA96 /* TextCell.swift in Sources */ = {isa = PBXBuildFile; fileRef = 065811EB1B71781900A6AA96 /* TextCell.swift */; };
		065811F01B71916000A6AA96 /* AutoCompleteCell.swift in Sources */ = {isa = PBXBuildFile; fileRef = 065811EF1B71916000A6AA96 /* AutoCompleteCell.swift */; };
		065811F21B71C8E800A6AA96 /* UATableViewCell.swift in Sources */ = {isa = PBXBuildFile; fileRef = 065811F11B71C8E800A6AA96 /* UATableViewCell.swift */; };
		065811F41B71DE4000A6AA96 /* EditTextController.swift in Sources */ = {isa = PBXBuildFile; fileRef = 065811F31B71DE4000A6AA96 /* EditTextController.swift */; };
		065A51CA1ABA5A9100B48088 /* TableViewSeparator.swift in Sources */ = {isa = PBXBuildFile; fileRef = 065A51C91ABA5A9100B48088 /* TableViewSeparator.swift */; };
		065A51CC1ABB441E00B48088 /* AABubbleServiceCell.swift in Sources */ = {isa = PBXBuildFile; fileRef = 065A51CB1ABB441E00B48088 /* AABubbleServiceCell.swift */; };
		065CFFF11ABFB2AE00257E68 /* GroupMembersController.swift in Sources */ = {isa = PBXBuildFile; fileRef = 065CFFEF1ABFB2AE00257E68 /* GroupMembersController.swift */; };
		067144501AB089B000364820 /* AABubbleCell.swift in Sources */ = {isa = PBXBuildFile; fileRef = 0671444F1AB089B000364820 /* AABubbleCell.swift */; };
		067144521AB0947000364820 /* AABubbleTextCell.swift in Sources */ = {isa = PBXBuildFile; fileRef = 067144511AB0947000364820 /* AABubbleTextCell.swift */; };
		0671592C1ABBC49D00D95719 /* CircullarNode.swift in Sources */ = {isa = PBXBuildFile; fileRef = 0671592B1ABBC49D00D95719 /* CircullarNode.swift */; };
		0672D2011AE64CAB0001CD32 /* LlectroTheme.swift in Sources */ = {isa = PBXBuildFile; fileRef = 0672D2001AE64CAB0001CD32 /* LlectroTheme.swift */; };
		0672D2031AE676D60001CD32 /* TableViewHeader.swift in Sources */ = {isa = PBXBuildFile; fileRef = 0672D2021AE676D60001CD32 /* TableViewHeader.swift */; };
		06896B101AFF204100BA271D /* MixpanelProvider.swift in Sources */ = {isa = PBXBuildFile; fileRef = 06896B0F1AFF204100BA271D /* MixpanelProvider.swift */; };
		068A03301B0169610001092D /* notification.caf in Resources */ = {isa = PBXBuildFile; fileRef = 068A032E1B0169600001092D /* notification.caf */; };
		068A03311B0169610001092D /* silence.caf in Resources */ = {isa = PBXBuildFile; fileRef = 068A032F1B0169610001092D /* silence.caf */; };
		0692F6ED1AD77AA300D61AFB /* Images.xcassets in Resources */ = {isa = PBXBuildFile; fileRef = 0692F6EC1AD77AA300D61AFB /* Images.xcassets */; };
		0699D4C11ADC80B20005AB9B /* AppTheme.swift in Sources */ = {isa = PBXBuildFile; fileRef = 0699D4C01ADC80B20005AB9B /* AppTheme.swift */; };
		0699D4CF1ADCA1FA0005AB9B /* UIAppearance+Swift.m in Sources */ = {isa = PBXBuildFile; fileRef = 0699D4CE1ADCA1FA0005AB9B /* UIAppearance+Swift.m */; };
		0699D4D11ADCA2B90005AB9B /* UIBarAppearance+Swift.m in Sources */ = {isa = PBXBuildFile; fileRef = 0699D4D01ADCA2B90005AB9B /* UIBarAppearance+Swift.m */; };
		0699D4D41ADD9F0C0005AB9B /* BasicCell.swift in Sources */ = {isa = PBXBuildFile; fileRef = 0699D4D31ADD9F0C0005AB9B /* BasicCell.swift */; };
		0699D4D61ADDA0B30005AB9B /* ContactActionCell.swift in Sources */ = {isa = PBXBuildFile; fileRef = 0699D4D51ADDA0B30005AB9B /* ContactActionCell.swift */; };
		069B09C91B603A3E005A17C5 /* FastCache.swift in Sources */ = {isa = PBXBuildFile; fileRef = 069B09C81B603A3E005A17C5 /* FastCache.swift */; };
		069B09D21B633F29005A17C5 /* InfoPlist.strings in Resources */ = {isa = PBXBuildFile; fileRef = 069B09D41B633F29005A17C5 /* InfoPlist.strings */; };
		069FE6CC1AC017BC00C6C033 /* ContactsBaseViewController.swift in Sources */ = {isa = PBXBuildFile; fileRef = 069FE6CB1AC017BC00C6C033 /* ContactsBaseViewController.swift */; };
		069FE6CF1AC01A6300C6C033 /* ComposeController.swift in Sources */ = {isa = PBXBuildFile; fileRef = 069FE6CD1AC01A6300C6C033 /* ComposeController.swift */; };
		06A16C251ACA9F5700EA96BD /* ABActionShit.m in Sources */ = {isa = PBXBuildFile; fileRef = 06A16C241ACA9F5700EA96BD /* ABActionShit.m */; };
		06A5B0E51AEE8A47003E134A /* iOSPhoneBookProvider.swift in Sources */ = {isa = PBXBuildFile; fileRef = 06A5B0E41AEE8A47003E134A /* iOSPhoneBookProvider.swift */; };
		06A5B8D41AEE9CB2003E134A /* CocoaHttpProvider.swift in Sources */ = {isa = PBXBuildFile; fileRef = 06A5B8D31AEE9CB2003E134A /* CocoaHttpProvider.swift */; };
		06A6FCF71B088F78000E11CE /* AABubbleBaseFileCell.swift in Sources */ = {isa = PBXBuildFile; fileRef = 06A6FCF61B088F78000E11CE /* AABubbleBaseFileCell.swift */; };
		06A6FCF91B08ADD1000E11CE /* Views.swift in Sources */ = {isa = PBXBuildFile; fileRef = 06A6FCF81B08ADD1000E11CE /* Views.swift */; };
		06AABD511B3D90B100F0931B /* LayoutCache.swift in Sources */ = {isa = PBXBuildFile; fileRef = 06AABD501B3D90B100F0931B /* LayoutCache.swift */; };
		06AAC5FF1B3DACAE00F0931B /* BubbleBackgroundProcessor.swift in Sources */ = {isa = PBXBuildFile; fileRef = 06AAC5FE1B3DACAE00F0931B /* BubbleBackgroundProcessor.swift */; };
		06AAC6021B3DAF0700F0931B /* BubbleLayouts.swift in Sources */ = {isa = PBXBuildFile; fileRef = 06AAC6011B3DAF0700F0931B /* BubbleLayouts.swift */; };
		06AAC6071B3EBABB00F0931B /* MessagesLayout.swift in Sources */ = {isa = PBXBuildFile; fileRef = 06AAC6061B3EBABB00F0931B /* MessagesLayout.swift */; };
		06AAC6091B3ED39500F0931B /* Alerts.swift in Sources */ = {isa = PBXBuildFile; fileRef = 06AAC6081B3ED39500F0931B /* Alerts.swift */; };
		06AAC60B1B3ED52100F0931B /* AssociatedObject.swift in Sources */ = {isa = PBXBuildFile; fileRef = 06AAC60A1B3ED52100F0931B /* AssociatedObject.swift */; };
		06AAC60F1B41BE7700F0931B /* IntegrationViewController.swift in Sources */ = {isa = PBXBuildFile; fileRef = 06AAC60E1B41BE7700F0931B /* IntegrationViewController.swift */; };
		06AAC6121B41DB1200F0931B /* DiscoverViewController.swift in Sources */ = {isa = PBXBuildFile; fileRef = 06AAC6111B41DB1200F0931B /* DiscoverViewController.swift */; };
		06AAD78E1B41FE4B00F0931B /* PublicCell.swift in Sources */ = {isa = PBXBuildFile; fileRef = 06AAD78D1B41FE4B00F0931B /* PublicCell.swift */; };
		06AAD7901B42F23000F0931B /* JoinPublicViewContoller.swift in Sources */ = {isa = PBXBuildFile; fileRef = 06AAD78F1B42F23000F0931B /* JoinPublicViewContoller.swift */; };
		06ABC77B1AAF39B500C1B932 /* EngineListController.swift in Sources */ = {isa = PBXBuildFile; fileRef = 06ABC77A1AAF39B500C1B932 /* EngineListController.swift */; };
		06ABC77E1AAF458B00C1B932 /* ContactsViewController.swift in Sources */ = {isa = PBXBuildFile; fileRef = 06ABC77C1AAF458B00C1B932 /* ContactsViewController.swift */; };
		06ABC7811AAF4E5A00C1B932 /* AppDelegate.swift in Sources */ = {isa = PBXBuildFile; fileRef = 06ABC7801AAF4E5A00C1B932 /* AppDelegate.swift */; };
		06ABC7831AAF57A000C1B932 /* MainTabViewController.swift in Sources */ = {isa = PBXBuildFile; fileRef = 06ABC7821AAF57A000C1B932 /* MainTabViewController.swift */; };
		06ABC7871AB05C3300C1B932 /* ConversationMessagesViewController.swift in Sources */ = {isa = PBXBuildFile; fileRef = 06ABC7861AB05C3300C1B932 /* ConversationMessagesViewController.swift */; };
		06B356F61AB8C7BB00405472 /* ContactCell.swift in Sources */ = {isa = PBXBuildFile; fileRef = 06B356F51AB8C7BB00405472 /* ContactCell.swift */; };
		06B9DC3E1B55F0DA0053182B /* CloudKit.framework in Frameworks */ = {isa = PBXBuildFile; fileRef = 06B9DC3D1B55F0DA0053182B /* CloudKit.framework */; };
		06BC45151AB87ECB0003F59E /* AABubbleMediaCell.swift in Sources */ = {isa = PBXBuildFile; fileRef = 06BC45141AB87ECB0003F59E /* AABubbleMediaCell.swift */; };
		06BC45171AB889110003F59E /* CircullarProgress.swift in Sources */ = {isa = PBXBuildFile; fileRef = 06BC45161AB889110003F59E /* CircullarProgress.swift */; };
		06BFDB511AB1AD3800F16E43 /* DialogCell.swift in Sources */ = {isa = PBXBuildFile; fileRef = 06BFDB501AB1AD3800F16E43 /* DialogCell.swift */; };
		06C65EA61AE7C0C40064BACE /* (null) in Sources */ = {isa = PBXBuildFile; };
		06CC9B5F1AFAD80400377F67 /* GroupCreateViewController.swift in Sources */ = {isa = PBXBuildFile; fileRef = 06CC9B5E1AFAD80400377F67 /* GroupCreateViewController.swift */; };
		06CCE93C1AD4A67D00A17705 /* Pods-ActorApp.debug.xcconfig in Resources */ = {isa = PBXBuildFile; fileRef = 06CCE9371AD4A67C00A17705 /* Pods-ActorApp.debug.xcconfig */; };
		06CCE9401AD4A67D00A17705 /* Pods-ActorApp.release.xcconfig in Resources */ = {isa = PBXBuildFile; fileRef = 06CCE93B1AD4A67C00A17705 /* Pods-ActorApp.release.xcconfig */; };
		06CFA9751B65DDA9007606CA /* SwiftTimer.swift in Sources */ = {isa = PBXBuildFile; fileRef = 06CFA9741B65DDA9007606CA /* SwiftTimer.swift */; };
		06D8D8BE1AB430EE00A80E40 /* FMDBExtensions.swift in Sources */ = {isa = PBXBuildFile; fileRef = 06D8D8BD1AB430EE00A80E40 /* FMDBExtensions.swift */; };
		06D8D8C01AB431D800A80E40 /* FMDBKeyValue.swift in Sources */ = {isa = PBXBuildFile; fileRef = 06D8D8BF1AB431D800A80E40 /* FMDBKeyValue.swift */; };
		06D8D8C21AB4390600A80E40 /* Conversions.swift in Sources */ = {isa = PBXBuildFile; fileRef = 06D8D8C11AB4390600A80E40 /* Conversions.swift */; };
		06D8D8C41AB43BA100A80E40 /* CocoaStorage.swift in Sources */ = {isa = PBXBuildFile; fileRef = 06D8D8C31AB43BA100A80E40 /* CocoaStorage.swift */; };
		06E281DE1AAEDDB00070EE18 /* DialogsViewController.swift in Sources */ = {isa = PBXBuildFile; fileRef = 06E281DC1AAEDDB00070EE18 /* DialogsViewController.swift */; };
		06E484311AB7933100AA272F /* LruCache.swift in Sources */ = {isa = PBXBuildFile; fileRef = 06E484301AB7933100AA272F /* LruCache.swift */; };
		06ED29861AB2373800719875 /* CocoaFileSystem.swift in Sources */ = {isa = PBXBuildFile; fileRef = 06ED29851AB2373800719875 /* CocoaFileSystem.swift */; };
		06F46F0F1B129FE0009E3308 /* AABubbleAdCell.swift in Sources */ = {isa = PBXBuildFile; fileRef = 06F46F0E1B129FE0009E3308 /* AABubbleAdCell.swift */; };
		06F579821B7E095C00E62315 /* CocoaTcpRuntime.swift in Sources */ = {isa = PBXBuildFile; fileRef = 06F579811B7E095C00E62315 /* CocoaTcpRuntime.swift */; };
		06F6B7101AB0CE9600A7DB91 /* Resouces.swift in Sources */ = {isa = PBXBuildFile; fileRef = 06F6B70F1AB0CE9600A7DB91 /* Resouces.swift */; };
		06F6B7121AB0F53400A7DB91 /* Binder.swift in Sources */ = {isa = PBXBuildFile; fileRef = 06F6B7111AB0F53400A7DB91 /* Binder.swift */; };
		06F6B7141AB0F56300A7DB91 /* Wrappers.swift in Sources */ = {isa = PBXBuildFile; fileRef = 06F6B7131AB0F56300A7DB91 /* Wrappers.swift */; };
		06FA65641AB19DE000BE0A41 /* Images.swift in Sources */ = {isa = PBXBuildFile; fileRef = 06FA65631AB19DE000BE0A41 /* Images.swift */; };
		06FCF1741AB6042200422FEC /* UDPreferencesStorage.swift in Sources */ = {isa = PBXBuildFile; fileRef = 06FCF1731AB6042200422FEC /* UDPreferencesStorage.swift */; };
		06FCF17A1AB61D3800422FEC /* FMDBList.swift in Sources */ = {isa = PBXBuildFile; fileRef = 06FCF1791AB61D3800422FEC /* FMDBList.swift */; };
		2537F8331A966B9D004A02E9 /* main.m in Sources */ = {isa = PBXBuildFile; fileRef = 2537F8321A966B9D004A02E9 /* main.m */; };
		2537F8671A9753DD004A02E9 /* ABPhoneField.m in Sources */ = {isa = PBXBuildFile; fileRef = 2537F8661A9753DD004A02E9 /* ABPhoneField.m */; };
		2537F86C1A9762F6004A02E9 /* PhoneFormats.dat in Resources */ = {isa = PBXBuildFile; fileRef = 2537F86A1A9762F6004A02E9 /* PhoneFormats.dat */; };
		2537F86D1A9762F6004A02E9 /* ABPhoneFieldCodes.txt in Resources */ = {isa = PBXBuildFile; fileRef = 2537F86B1A9762F6004A02E9 /* ABPhoneFieldCodes.txt */; };
		3953FBAB7FF33E9872029004 /* libPods-ActorApp.a in Frameworks */ = {isa = PBXBuildFile; fileRef = D04A4CF66F9FEFE30F6DFC3F /* libPods-ActorApp.a */; };
/* End PBXBuildFile section */

/* Begin PBXContainerItemProxy section */
		2537F84A1A966B9D004A02E9 /* PBXContainerItemProxy */ = {
			isa = PBXContainerItemProxy;
			containerPortal = 2537F8251A966B9D004A02E9 /* Project object */;
			proxyType = 1;
			remoteGlobalIDString = 2537F82C1A966B9D004A02E9;
			remoteInfo = ActorClient;
		};
/* End PBXContainerItemProxy section */

/* Begin PBXFileReference section */
		050B225C1ACBE5B900A0E904 /* Colors.swift */ = {isa = PBXFileReference; fileEncoding = 4; lastKnownFileType = sourcecode.swift; path = Colors.swift; sourceTree = "<group>"; };
		050B22681ACC010200A0E904 /* AuthCountriesViewController.swift */ = {isa = PBXFileReference; fileEncoding = 4; lastKnownFileType = sourcecode.swift; path = AuthCountriesViewController.swift; sourceTree = "<group>"; };
		050B22691ACC010200A0E904 /* AuthPhoneViewController.swift */ = {isa = PBXFileReference; fileEncoding = 4; lastKnownFileType = sourcecode.swift; path = AuthPhoneViewController.swift; sourceTree = "<group>"; };
		050B226A1ACC010200A0E904 /* AuthSmsViewController.swift */ = {isa = PBXFileReference; fileEncoding = 4; lastKnownFileType = sourcecode.swift; path = AuthSmsViewController.swift; sourceTree = "<group>"; };
		050B226B1ACC010200A0E904 /* AuthRegisterViewController.swift */ = {isa = PBXFileReference; fileEncoding = 4; lastKnownFileType = sourcecode.swift; path = AuthRegisterViewController.swift; sourceTree = "<group>"; };
		050E99B71ACB4D410052C06B /* AANavigationController.swift */ = {isa = PBXFileReference; fileEncoding = 4; lastKnownFileType = sourcecode.swift; path = AANavigationController.swift; sourceTree = "<group>"; };
		050E99B81ACB4D410052C06B /* AATableViewController.swift */ = {isa = PBXFileReference; fileEncoding = 4; lastKnownFileType = sourcecode.swift; path = AATableViewController.swift; sourceTree = "<group>"; };
		050E99BF1ACB510A0052C06B /* AAViewController.swift */ = {isa = PBXFileReference; fileEncoding = 4; lastKnownFileType = sourcecode.swift; path = AAViewController.swift; sourceTree = "<group>"; };
		051542E61ACD18050062E3E3 /* Utils.swift */ = {isa = PBXFileReference; fileEncoding = 4; lastKnownFileType = sourcecode.swift; path = Utils.swift; sourceTree = "<group>"; };
		0539C7311ADBBA1F00898269 /* AvatarView.swift */ = {isa = PBXFileReference; fileEncoding = 4; lastKnownFileType = sourcecode.swift; path = AvatarView.swift; sourceTree = "<group>"; };
		0541A0571ACDA57E0028E983 /* GroupViewController.swift */ = {isa = PBXFileReference; fileEncoding = 4; lastKnownFileType = sourcecode.swift; path = GroupViewController.swift; sourceTree = "<group>"; };
		0541A05D1ACDA7420028E983 /* GroupPhotoCell.swift */ = {isa = PBXFileReference; fileEncoding = 4; lastKnownFileType = sourcecode.swift; path = GroupPhotoCell.swift; sourceTree = "<group>"; };
		0541A05F1ACDA7660028E983 /* GroupMemberCell.swift */ = {isa = PBXFileReference; fileEncoding = 4; lastKnownFileType = sourcecode.swift; path = GroupMemberCell.swift; sourceTree = "<group>"; };
		0541A0641ACDA7A20028E983 /* CommonCell.swift */ = {isa = PBXFileReference; fileEncoding = 4; lastKnownFileType = sourcecode.swift; path = CommonCell.swift; sourceTree = "<group>"; };
		054A25261AD06D250013FAAA /* UserViewController.swift */ = {isa = PBXFileReference; fileEncoding = 4; lastKnownFileType = sourcecode.swift; path = UserViewController.swift; sourceTree = "<group>"; };
		0564F9E61AD858CC00D8CDF1 /* ConversationViewController.swift */ = {isa = PBXFileReference; fileEncoding = 4; lastKnownFileType = sourcecode.swift; path = ConversationViewController.swift; sourceTree = "<group>"; };
		056911EF1ACF321300D4D209 /* Executions.swift */ = {isa = PBXFileReference; fileEncoding = 4; lastKnownFileType = sourcecode.swift; path = Executions.swift; sourceTree = "<group>"; };
		05B1A46C1AD0015B005F691D /* BigPlaceholderView.swift */ = {isa = PBXFileReference; fileEncoding = 4; lastKnownFileType = sourcecode.swift; path = BigPlaceholderView.swift; sourceTree = "<group>"; };
		05B1A46F1AD01311005F691D /* AddParticipantViewController.swift */ = {isa = PBXFileReference; fileEncoding = 4; lastKnownFileType = sourcecode.swift; path = AddParticipantViewController.swift; sourceTree = "<group>"; };
		05B432961ACC08D40073BA69 /* AuthCountryCell.swift */ = {isa = PBXFileReference; fileEncoding = 4; lastKnownFileType = sourcecode.swift; path = AuthCountryCell.swift; sourceTree = "<group>"; };
		05C402FB1AD16AAA0075F256 /* UserPhotoCell.swift */ = {isa = PBXFileReference; fileEncoding = 4; lastKnownFileType = sourcecode.swift; path = UserPhotoCell.swift; sourceTree = "<group>"; };
		05C890571AD71DED002BD07A /* DialogsSearchCell.swift */ = {isa = PBXFileReference; fileEncoding = 4; lastKnownFileType = sourcecode.swift; path = DialogsSearchCell.swift; sourceTree = "<group>"; };
		05C8905A1AD71EAB002BD07A /* DialogsSearchSource.swift */ = {isa = PBXFileReference; fileEncoding = 4; lastKnownFileType = sourcecode.swift; path = DialogsSearchSource.swift; sourceTree = "<group>"; };
		05E706451AD1F665009F09D8 /* SettingsViewController.swift */ = {isa = PBXFileReference; fileEncoding = 4; lastKnownFileType = sourcecode.swift; name = SettingsViewController.swift; path = Actor/Controllers/Settings/SettingsViewController.swift; sourceTree = SOURCE_ROOT; };
		05E706481AD3EDE0009F09D8 /* SettingsPrivacyViewController.swift */ = {isa = PBXFileReference; fileEncoding = 4; lastKnownFileType = sourcecode.swift; path = SettingsPrivacyViewController.swift; sourceTree = "<group>"; };
		05E7064A1AD3EDEF009F09D8 /* SettingsNotificationsViewController.swift */ = {isa = PBXFileReference; fileEncoding = 4; lastKnownFileType = sourcecode.swift; path = SettingsNotificationsViewController.swift; sourceTree = "<group>"; };
		05EDCD3A1ADDA97F00C57CEF /* TitledCell.swift */ = {isa = PBXFileReference; fileEncoding = 4; lastKnownFileType = sourcecode.swift; path = TitledCell.swift; sourceTree = "<group>"; };
		05FCE8901AD80340002F0398 /* AABubbleDocumentCell.swift */ = {isa = PBXFileReference; fileEncoding = 4; lastKnownFileType = sourcecode.swift; path = AABubbleDocumentCell.swift; sourceTree = "<group>"; };
		0603232B1ADF04FA00C73C0F /* NoSelectionViewController.swift */ = {isa = PBXFileReference; fileEncoding = 4; lastKnownFileType = sourcecode.swift; path = NoSelectionViewController.swift; sourceTree = "<group>"; };
		0603232F1ADF078200C73C0F /* Navigtions.swift */ = {isa = PBXFileReference; fileEncoding = 4; lastKnownFileType = sourcecode.swift; path = Navigtions.swift; sourceTree = "<group>"; };
		060323611AE0667400C73C0F /* AuthViewController.swift */ = {isa = PBXFileReference; fileEncoding = 4; lastKnownFileType = sourcecode.swift; path = AuthViewController.swift; sourceTree = "<group>"; };
		060323651AE07D1000C73C0F /* MainSplitViewController.swift */ = {isa = PBXFileReference; fileEncoding = 4; lastKnownFileType = sourcecode.swift; path = MainSplitViewController.swift; sourceTree = "<group>"; };
		0607BAA21B659EB20038A741 /* MeasureUtils.swift */ = {isa = PBXFileReference; fileEncoding = 4; lastKnownFileType = sourcecode.swift; path = MeasureUtils.swift; sourceTree = "<group>"; };
		0607BAA41B65CCCF0038A741 /* FMDBIndex.swift */ = {isa = PBXFileReference; fileEncoding = 4; lastKnownFileType = sourcecode.swift; path = FMDBIndex.swift; sourceTree = "<group>"; };
		060E8BF71B085EDF0000FFB8 /* FileTypes.swift */ = {isa = PBXFileReference; fileEncoding = 4; lastKnownFileType = sourcecode.swift; path = FileTypes.swift; sourceTree = "<group>"; };
		06147B931AAE76E900931753 /* CocoaMessenger.swift */ = {isa = PBXFileReference; fileEncoding = 4; lastKnownFileType = sourcecode.swift; path = CocoaMessenger.swift; sourceTree = "<group>"; };
		0623AC491AFFB436007CD6B7 /* AAImagePickerController.swift */ = {isa = PBXFileReference; fileEncoding = 4; lastKnownFileType = sourcecode.swift; path = AAImagePickerController.swift; sourceTree = "<group>"; };
		0623AC511B001F8E007CD6B7 /* ariel.caf */ = {isa = PBXFileReference; lastKnownFileType = file; path = ariel.caf; sourceTree = "<group>"; };
		0623AC521B001F8E007CD6B7 /* carme.caf */ = {isa = PBXFileReference; lastKnownFileType = file; path = carme.caf; sourceTree = "<group>"; };
		0623AC531B001F8E007CD6B7 /* ceres.caf */ = {isa = PBXFileReference; lastKnownFileType = file; path = ceres.caf; sourceTree = "<group>"; };
		0623AC541B001F8E007CD6B7 /* elara.caf */ = {isa = PBXFileReference; lastKnownFileType = file; path = elara.caf; sourceTree = "<group>"; };
		0623AC551B001F8E007CD6B7 /* europa.caf */ = {isa = PBXFileReference; lastKnownFileType = file; path = europa.caf; sourceTree = "<group>"; };
		0623AC561B001F8E007CD6B7 /* iapetus.caf */ = {isa = PBXFileReference; lastKnownFileType = file; path = iapetus.caf; sourceTree = "<group>"; };
		0623AC571B001F8E007CD6B7 /* io.caf */ = {isa = PBXFileReference; lastKnownFileType = file; path = io.caf; sourceTree = "<group>"; };
		0623AC581B001F8E007CD6B7 /* rhea.caf */ = {isa = PBXFileReference; lastKnownFileType = file; path = rhea.caf; sourceTree = "<group>"; };
		0623AC591B001F8E007CD6B7 /* salacia.caf */ = {isa = PBXFileReference; lastKnownFileType = file; path = salacia.caf; sourceTree = "<group>"; };
		0623AC5A1B001F8E007CD6B7 /* tethys.caf */ = {isa = PBXFileReference; lastKnownFileType = file; path = tethys.caf; sourceTree = "<group>"; };
		0623AC5B1B001F8E007CD6B7 /* titan.caf */ = {isa = PBXFileReference; lastKnownFileType = file; path = titan.caf; sourceTree = "<group>"; };
		062774361AC070F700A4A8B3 /* SearchSource.swift */ = {isa = PBXFileReference; fileEncoding = 4; lastKnownFileType = sourcecode.swift; path = SearchSource.swift; sourceTree = "<group>"; };
		062774381AC073D700A4A8B3 /* ContactsSearchSource.swift */ = {isa = PBXFileReference; fileEncoding = 4; lastKnownFileType = sourcecode.swift; path = ContactsSearchSource.swift; sourceTree = "<group>"; };
		063BCF301AB7AC0F00D469AB /* iOSNotificationProvider.swift */ = {isa = PBXFileReference; fileEncoding = 4; lastKnownFileType = sourcecode.swift; path = iOSNotificationProvider.swift; sourceTree = "<group>"; };
		064153E31B4A09E500238CB0 /* app.json */ = {isa = PBXFileReference; fileEncoding = 4; lastKnownFileType = text.json; path = app.json; sourceTree = "<group>"; };
		064154051B4A35B700238CB0 /* Config.swift */ = {isa = PBXFileReference; fileEncoding = 4; lastKnownFileType = sourcecode.swift; path = Config.swift; sourceTree = "<group>"; };
		064154071B4A413400238CB0 /* ActorApp.entitlements */ = {isa = PBXFileReference; lastKnownFileType = text.xml; path = ActorApp.entitlements; sourceTree = "<group>"; };
		064903781AB38C6200FA7B1C /* Strings.swift */ = {isa = PBXFileReference; fileEncoding = 4; lastKnownFileType = sourcecode.swift; path = Strings.swift; sourceTree = "<group>"; };
		06562FB51B30717A001E4B68 /* UATableData.swift */ = {isa = PBXFileReference; fileEncoding = 4; lastKnownFileType = sourcecode.swift; path = UATableData.swift; sourceTree = "<group>"; };
		06562FBB1B3112F8001E4B68 /* Device.swift */ = {isa = PBXFileReference; fileEncoding = 4; lastKnownFileType = sourcecode.swift; path = Device.swift; sourceTree = "<group>"; };
		0657E1A21B26240A0017B724 /* InviteLinkViewController.swift */ = {isa = PBXFileReference; fileEncoding = 4; lastKnownFileType = sourcecode.swift; path = InviteLinkViewController.swift; sourceTree = "<group>"; };
		065811EB1B71781900A6AA96 /* TextCell.swift */ = {isa = PBXFileReference; fileEncoding = 4; lastKnownFileType = sourcecode.swift; path = TextCell.swift; sourceTree = "<group>"; };
		065811EF1B71916000A6AA96 /* AutoCompleteCell.swift */ = {isa = PBXFileReference; fileEncoding = 4; lastKnownFileType = sourcecode.swift; path = AutoCompleteCell.swift; sourceTree = "<group>"; };
		065811F11B71C8E800A6AA96 /* UATableViewCell.swift */ = {isa = PBXFileReference; fileEncoding = 4; lastKnownFileType = sourcecode.swift; path = UATableViewCell.swift; sourceTree = "<group>"; };
		065811F31B71DE4000A6AA96 /* EditTextController.swift */ = {isa = PBXFileReference; fileEncoding = 4; lastKnownFileType = sourcecode.swift; path = EditTextController.swift; sourceTree = "<group>"; };
		065A51C91ABA5A9100B48088 /* TableViewSeparator.swift */ = {isa = PBXFileReference; fileEncoding = 4; lastKnownFileType = sourcecode.swift; path = TableViewSeparator.swift; sourceTree = "<group>"; };
		065A51CB1ABB441E00B48088 /* AABubbleServiceCell.swift */ = {isa = PBXFileReference; fileEncoding = 4; lastKnownFileType = sourcecode.swift; path = AABubbleServiceCell.swift; sourceTree = "<group>"; };
		065CFFEF1ABFB2AE00257E68 /* GroupMembersController.swift */ = {isa = PBXFileReference; fileEncoding = 4; lastKnownFileType = sourcecode.swift; path = GroupMembersController.swift; sourceTree = "<group>"; };
		0671444F1AB089B000364820 /* AABubbleCell.swift */ = {isa = PBXFileReference; fileEncoding = 4; lastKnownFileType = sourcecode.swift; path = AABubbleCell.swift; sourceTree = "<group>"; };
		067144511AB0947000364820 /* AABubbleTextCell.swift */ = {isa = PBXFileReference; fileEncoding = 4; lastKnownFileType = sourcecode.swift; path = AABubbleTextCell.swift; sourceTree = "<group>"; };
		0671592B1ABBC49D00D95719 /* CircullarNode.swift */ = {isa = PBXFileReference; fileEncoding = 4; lastKnownFileType = sourcecode.swift; path = CircullarNode.swift; sourceTree = "<group>"; };
		0672D2001AE64CAB0001CD32 /* LlectroTheme.swift */ = {isa = PBXFileReference; fileEncoding = 4; lastKnownFileType = sourcecode.swift; path = LlectroTheme.swift; sourceTree = "<group>"; };
		0672D2021AE676D60001CD32 /* TableViewHeader.swift */ = {isa = PBXFileReference; fileEncoding = 4; lastKnownFileType = sourcecode.swift; path = TableViewHeader.swift; sourceTree = "<group>"; };
		06738AF11B694DD9008DE798 /* pt */ = {isa = PBXFileReference; lastKnownFileType = text.plist.strings; name = pt; path = Localization/pt.lproj/Localizable.strings; sourceTree = "<group>"; };
		06738AF21B694DD9008DE798 /* pt */ = {isa = PBXFileReference; lastKnownFileType = text.plist.strings; name = pt; path = pt.lproj/InfoPlist.strings; sourceTree = "<group>"; };
		06896B0F1AFF204100BA271D /* MixpanelProvider.swift */ = {isa = PBXFileReference; fileEncoding = 4; lastKnownFileType = sourcecode.swift; path = MixpanelProvider.swift; sourceTree = "<group>"; };
		068A032E1B0169600001092D /* notification.caf */ = {isa = PBXFileReference; lastKnownFileType = file; path = notification.caf; sourceTree = "<group>"; };
		068A032F1B0169610001092D /* silence.caf */ = {isa = PBXFileReference; lastKnownFileType = file; path = silence.caf; sourceTree = "<group>"; };
		0692F6EC1AD77AA300D61AFB /* Images.xcassets */ = {isa = PBXFileReference; lastKnownFileType = folder.assetcatalog; path = Images.xcassets; sourceTree = "<group>"; };
		0699D4C01ADC80B20005AB9B /* AppTheme.swift */ = {isa = PBXFileReference; fileEncoding = 4; lastKnownFileType = sourcecode.swift; path = AppTheme.swift; sourceTree = "<group>"; };
		0699D4C71ADC8D820005AB9B /* ru */ = {isa = PBXFileReference; lastKnownFileType = text.plist.strings; name = ru; path = Localization/ru.lproj/Localizable.strings; sourceTree = "<group>"; };
		0699D4CA1ADC8D8C0005AB9B /* Base */ = {isa = PBXFileReference; lastKnownFileType = text.plist.strings; name = Base; path = Localization/Base.lproj/Localizable.strings; sourceTree = "<group>"; };
		0699D4CC1ADCA18E0005AB9B /* UIAppearance+Swift.h */ = {isa = PBXFileReference; lastKnownFileType = sourcecode.c.h; path = "UIAppearance+Swift.h"; sourceTree = "<group>"; };
		0699D4CE1ADCA1FA0005AB9B /* UIAppearance+Swift.m */ = {isa = PBXFileReference; fileEncoding = 4; lastKnownFileType = sourcecode.c.objc; path = "UIAppearance+Swift.m"; sourceTree = "<group>"; };
		0699D4D01ADCA2B90005AB9B /* UIBarAppearance+Swift.m */ = {isa = PBXFileReference; fileEncoding = 4; lastKnownFileType = sourcecode.c.objc; path = "UIBarAppearance+Swift.m"; sourceTree = "<group>"; };
		0699D4D21ADCA2CC0005AB9B /* UIBarAppearance+Swift.h */ = {isa = PBXFileReference; lastKnownFileType = sourcecode.c.h; path = "UIBarAppearance+Swift.h"; sourceTree = "<group>"; };
		0699D4D31ADD9F0C0005AB9B /* BasicCell.swift */ = {isa = PBXFileReference; fileEncoding = 4; lastKnownFileType = sourcecode.swift; path = BasicCell.swift; sourceTree = "<group>"; };
		0699D4D51ADDA0B30005AB9B /* ContactActionCell.swift */ = {isa = PBXFileReference; fileEncoding = 4; lastKnownFileType = sourcecode.swift; path = ContactActionCell.swift; sourceTree = "<group>"; };
		069B09C81B603A3E005A17C5 /* FastCache.swift */ = {isa = PBXFileReference; fileEncoding = 4; lastKnownFileType = sourcecode.swift; path = FastCache.swift; sourceTree = "<group>"; };
		069B09CB1B633A46005A17C5 /* zh-Hans */ = {isa = PBXFileReference; lastKnownFileType = text.plist.strings; name = "zh-Hans"; path = "Localization/zh-Hans.lproj/Localizable.strings"; sourceTree = "<group>"; };
		069B09D31B633F29005A17C5 /* Base */ = {isa = PBXFileReference; lastKnownFileType = text.plist.strings; name = Base; path = Base.lproj/InfoPlist.strings; sourceTree = "<group>"; };
		069B09D61B633F2B005A17C5 /* ru */ = {isa = PBXFileReference; lastKnownFileType = text.plist.strings; name = ru; path = ru.lproj/InfoPlist.strings; sourceTree = "<group>"; };
		069B09D71B633F2D005A17C5 /* zh-Hans */ = {isa = PBXFileReference; lastKnownFileType = text.plist.strings; name = "zh-Hans"; path = "zh-Hans.lproj/InfoPlist.strings"; sourceTree = "<group>"; };
		069FE6CB1AC017BC00C6C033 /* ContactsBaseViewController.swift */ = {isa = PBXFileReference; fileEncoding = 4; lastKnownFileType = sourcecode.swift; path = ContactsBaseViewController.swift; sourceTree = "<group>"; };
		069FE6CD1AC01A6300C6C033 /* ComposeController.swift */ = {isa = PBXFileReference; fileEncoding = 4; lastKnownFileType = sourcecode.swift; path = ComposeController.swift; sourceTree = "<group>"; };
		06A16C231ACA9F5700EA96BD /* ABActionShit.h */ = {isa = PBXFileReference; fileEncoding = 4; lastKnownFileType = sourcecode.c.h; path = ABActionShit.h; sourceTree = "<group>"; };
		06A16C241ACA9F5700EA96BD /* ABActionShit.m */ = {isa = PBXFileReference; fileEncoding = 4; lastKnownFileType = sourcecode.c.objc; path = ABActionShit.m; sourceTree = "<group>"; };
		06A5B0E41AEE8A47003E134A /* iOSPhoneBookProvider.swift */ = {isa = PBXFileReference; fileEncoding = 4; lastKnownFileType = sourcecode.swift; path = iOSPhoneBookProvider.swift; sourceTree = "<group>"; };
		06A5B8D31AEE9CB2003E134A /* CocoaHttpProvider.swift */ = {isa = PBXFileReference; fileEncoding = 4; lastKnownFileType = sourcecode.swift; name = CocoaHttpProvider.swift; path = ../Core/Providers/CocoaHttpProvider.swift; sourceTree = "<group>"; };
		06A6FCF61B088F78000E11CE /* AABubbleBaseFileCell.swift */ = {isa = PBXFileReference; fileEncoding = 4; lastKnownFileType = sourcecode.swift; path = AABubbleBaseFileCell.swift; sourceTree = "<group>"; };
		06A6FCF81B08ADD1000E11CE /* Views.swift */ = {isa = PBXFileReference; fileEncoding = 4; lastKnownFileType = sourcecode.swift; path = Views.swift; sourceTree = "<group>"; };
		06A92FA01AB24B2A0065B2FC /* Core.h */ = {isa = PBXFileReference; fileEncoding = 4; lastKnownFileType = sourcecode.c.h; path = Core.h; sourceTree = "<group>"; };
		06AABD501B3D90B100F0931B /* LayoutCache.swift */ = {isa = PBXFileReference; fileEncoding = 4; lastKnownFileType = sourcecode.swift; path = LayoutCache.swift; sourceTree = "<group>"; };
		06AAC5FE1B3DACAE00F0931B /* BubbleBackgroundProcessor.swift */ = {isa = PBXFileReference; fileEncoding = 4; lastKnownFileType = sourcecode.swift; path = BubbleBackgroundProcessor.swift; sourceTree = "<group>"; };
		06AAC6011B3DAF0700F0931B /* BubbleLayouts.swift */ = {isa = PBXFileReference; fileEncoding = 4; lastKnownFileType = sourcecode.swift; path = BubbleLayouts.swift; sourceTree = "<group>"; };
		06AAC6061B3EBABB00F0931B /* MessagesLayout.swift */ = {isa = PBXFileReference; fileEncoding = 4; lastKnownFileType = sourcecode.swift; path = MessagesLayout.swift; sourceTree = "<group>"; };
		06AAC6081B3ED39500F0931B /* Alerts.swift */ = {isa = PBXFileReference; fileEncoding = 4; lastKnownFileType = sourcecode.swift; path = Alerts.swift; sourceTree = "<group>"; };
		06AAC60A1B3ED52100F0931B /* AssociatedObject.swift */ = {isa = PBXFileReference; fileEncoding = 4; lastKnownFileType = sourcecode.swift; path = AssociatedObject.swift; sourceTree = "<group>"; };
		06AAC60E1B41BE7700F0931B /* IntegrationViewController.swift */ = {isa = PBXFileReference; fileEncoding = 4; lastKnownFileType = sourcecode.swift; path = IntegrationViewController.swift; sourceTree = "<group>"; };
		06AAC6111B41DB1200F0931B /* DiscoverViewController.swift */ = {isa = PBXFileReference; fileEncoding = 4; lastKnownFileType = sourcecode.swift; path = DiscoverViewController.swift; sourceTree = "<group>"; };
		06AAD78D1B41FE4B00F0931B /* PublicCell.swift */ = {isa = PBXFileReference; fileEncoding = 4; lastKnownFileType = sourcecode.swift; name = PublicCell.swift; path = Cells/PublicCell.swift; sourceTree = "<group>"; };
		06AAD78F1B42F23000F0931B /* JoinPublicViewContoller.swift */ = {isa = PBXFileReference; fileEncoding = 4; lastKnownFileType = sourcecode.swift; path = JoinPublicViewContoller.swift; sourceTree = "<group>"; };
		06ABC77A1AAF39B500C1B932 /* EngineListController.swift */ = {isa = PBXFileReference; fileEncoding = 4; lastKnownFileType = sourcecode.swift; path = EngineListController.swift; sourceTree = "<group>"; };
		06ABC77C1AAF458B00C1B932 /* ContactsViewController.swift */ = {isa = PBXFileReference; fileEncoding = 4; lastKnownFileType = sourcecode.swift; path = ContactsViewController.swift; sourceTree = "<group>"; };
		06ABC7801AAF4E5A00C1B932 /* AppDelegate.swift */ = {isa = PBXFileReference; fileEncoding = 4; lastKnownFileType = sourcecode.swift; path = AppDelegate.swift; sourceTree = "<group>"; };
		06ABC7821AAF57A000C1B932 /* MainTabViewController.swift */ = {isa = PBXFileReference; fileEncoding = 4; lastKnownFileType = sourcecode.swift; path = MainTabViewController.swift; sourceTree = "<group>"; };
		06ABC7861AB05C3300C1B932 /* ConversationMessagesViewController.swift */ = {isa = PBXFileReference; fileEncoding = 4; lastKnownFileType = sourcecode.swift; path = ConversationMessagesViewController.swift; sourceTree = "<group>"; };
		06B356F51AB8C7BB00405472 /* ContactCell.swift */ = {isa = PBXFileReference; fileEncoding = 4; lastKnownFileType = sourcecode.swift; path = ContactCell.swift; sourceTree = "<group>"; };
		06B9DC3D1B55F0DA0053182B /* CloudKit.framework */ = {isa = PBXFileReference; lastKnownFileType = wrapper.framework; name = CloudKit.framework; path = System/Library/Frameworks/CloudKit.framework; sourceTree = SDKROOT; };
		06BC45141AB87ECB0003F59E /* AABubbleMediaCell.swift */ = {isa = PBXFileReference; fileEncoding = 4; lastKnownFileType = sourcecode.swift; path = AABubbleMediaCell.swift; sourceTree = "<group>"; };
		06BC45161AB889110003F59E /* CircullarProgress.swift */ = {isa = PBXFileReference; fileEncoding = 4; lastKnownFileType = sourcecode.swift; path = CircullarProgress.swift; sourceTree = "<group>"; };
		06BFDB501AB1AD3800F16E43 /* DialogCell.swift */ = {isa = PBXFileReference; fileEncoding = 4; lastKnownFileType = sourcecode.swift; path = DialogCell.swift; sourceTree = "<group>"; };
		06CC9B5E1AFAD80400377F67 /* GroupCreateViewController.swift */ = {isa = PBXFileReference; fileEncoding = 4; lastKnownFileType = sourcecode.swift; path = GroupCreateViewController.swift; sourceTree = "<group>"; };
		06CCE9371AD4A67C00A17705 /* Pods-ActorApp.debug.xcconfig */ = {isa = PBXFileReference; fileEncoding = 4; lastKnownFileType = text.xcconfig; name = "Pods-ActorApp.debug.xcconfig"; path = "../Pods/Target Support Files/Pods-ActorApp/Pods-ActorApp.debug.xcconfig"; sourceTree = "<group>"; };
		06CCE93B1AD4A67C00A17705 /* Pods-ActorApp.release.xcconfig */ = {isa = PBXFileReference; fileEncoding = 4; lastKnownFileType = text.xcconfig; name = "Pods-ActorApp.release.xcconfig"; path = "../Pods/Target Support Files/Pods-ActorApp/Pods-ActorApp.release.xcconfig"; sourceTree = "<group>"; };
		06CFA9741B65DDA9007606CA /* SwiftTimer.swift */ = {isa = PBXFileReference; fileEncoding = 4; lastKnownFileType = sourcecode.swift; path = SwiftTimer.swift; sourceTree = "<group>"; };
		06D8D8BD1AB430EE00A80E40 /* FMDBExtensions.swift */ = {isa = PBXFileReference; fileEncoding = 4; lastKnownFileType = sourcecode.swift; path = FMDBExtensions.swift; sourceTree = "<group>"; };
		06D8D8BF1AB431D800A80E40 /* FMDBKeyValue.swift */ = {isa = PBXFileReference; fileEncoding = 4; lastKnownFileType = sourcecode.swift; path = FMDBKeyValue.swift; sourceTree = "<group>"; };
		06D8D8C11AB4390600A80E40 /* Conversions.swift */ = {isa = PBXFileReference; fileEncoding = 4; lastKnownFileType = sourcecode.swift; path = Conversions.swift; sourceTree = "<group>"; };
		06D8D8C31AB43BA100A80E40 /* CocoaStorage.swift */ = {isa = PBXFileReference; fileEncoding = 4; lastKnownFileType = sourcecode.swift; name = CocoaStorage.swift; path = ../Core/Providers/CocoaStorage.swift; sourceTree = "<group>"; };
		06E281DC1AAEDDB00070EE18 /* DialogsViewController.swift */ = {isa = PBXFileReference; fileEncoding = 4; lastKnownFileType = sourcecode.swift; path = DialogsViewController.swift; sourceTree = "<group>"; };
		06E484301AB7933100AA272F /* LruCache.swift */ = {isa = PBXFileReference; fileEncoding = 4; lastKnownFileType = sourcecode.swift; path = LruCache.swift; sourceTree = "<group>"; };
		06ED29851AB2373800719875 /* CocoaFileSystem.swift */ = {isa = PBXFileReference; fileEncoding = 4; lastKnownFileType = sourcecode.swift; name = CocoaFileSystem.swift; path = ../Core/Providers/CocoaFileSystem.swift; sourceTree = "<group>"; };
		06F46F0E1B129FE0009E3308 /* AABubbleAdCell.swift */ = {isa = PBXFileReference; fileEncoding = 4; lastKnownFileType = sourcecode.swift; path = AABubbleAdCell.swift; sourceTree = "<group>"; };
		06F579811B7E095C00E62315 /* CocoaTcpRuntime.swift */ = {isa = PBXFileReference; fileEncoding = 4; lastKnownFileType = sourcecode.swift; path = CocoaTcpRuntime.swift; sourceTree = "<group>"; };
		06F6B70F1AB0CE9600A7DB91 /* Resouces.swift */ = {isa = PBXFileReference; fileEncoding = 4; lastKnownFileType = sourcecode.swift; path = Resouces.swift; sourceTree = "<group>"; };
		06F6B7111AB0F53400A7DB91 /* Binder.swift */ = {isa = PBXFileReference; fileEncoding = 4; lastKnownFileType = sourcecode.swift; path = Binder.swift; sourceTree = "<group>"; };
		06F6B7131AB0F56300A7DB91 /* Wrappers.swift */ = {isa = PBXFileReference; fileEncoding = 4; lastKnownFileType = sourcecode.swift; path = Wrappers.swift; sourceTree = "<group>"; };
		06FA65631AB19DE000BE0A41 /* Images.swift */ = {isa = PBXFileReference; fileEncoding = 4; lastKnownFileType = sourcecode.swift; path = Images.swift; sourceTree = "<group>"; };
		06FCF1731AB6042200422FEC /* UDPreferencesStorage.swift */ = {isa = PBXFileReference; fileEncoding = 4; lastKnownFileType = sourcecode.swift; path = UDPreferencesStorage.swift; sourceTree = "<group>"; };
		06FCF1791AB61D3800422FEC /* FMDBList.swift */ = {isa = PBXFileReference; fileEncoding = 4; lastKnownFileType = sourcecode.swift; path = FMDBList.swift; sourceTree = "<group>"; };
		2537F82D1A966B9D004A02E9 /* ActorApp.app */ = {isa = PBXFileReference; explicitFileType = wrapper.application; includeInIndex = 0; path = ActorApp.app; sourceTree = BUILT_PRODUCTS_DIR; };
		2537F8311A966B9D004A02E9 /* Info.plist */ = {isa = PBXFileReference; lastKnownFileType = text.plist.xml; path = Info.plist; sourceTree = "<group>"; };
		2537F8321A966B9D004A02E9 /* main.m */ = {isa = PBXFileReference; lastKnownFileType = sourcecode.c.objc; path = main.m; sourceTree = "<group>"; };
		2537F8431A966B9D004A02E9 /* Base */ = {isa = PBXFileReference; lastKnownFileType = file.xib; name = Base; path = Resources/LaunchScreen/Base.lproj/LaunchScreen.xib; sourceTree = "<group>"; };
		2537F8491A966B9D004A02E9 /* ActorAppAppTests.xctest */ = {isa = PBXFileReference; explicitFileType = wrapper.cfbundle; includeInIndex = 0; path = ActorAppAppTests.xctest; sourceTree = BUILT_PRODUCTS_DIR; };
		2537F8651A9753DD004A02E9 /* ABPhoneField.h */ = {isa = PBXFileReference; fileEncoding = 4; lastKnownFileType = sourcecode.c.h; path = ABPhoneField.h; sourceTree = "<group>"; };
		2537F8661A9753DD004A02E9 /* ABPhoneField.m */ = {isa = PBXFileReference; fileEncoding = 4; lastKnownFileType = sourcecode.c.objc; path = ABPhoneField.m; sourceTree = "<group>"; };
		2537F86A1A9762F6004A02E9 /* PhoneFormats.dat */ = {isa = PBXFileReference; lastKnownFileType = file; path = PhoneFormats.dat; sourceTree = "<group>"; };
		2537F86B1A9762F6004A02E9 /* ABPhoneFieldCodes.txt */ = {isa = PBXFileReference; fileEncoding = 4; lastKnownFileType = text; path = ABPhoneFieldCodes.txt; sourceTree = "<group>"; };
		2D890431BAB17750EE5196FE /* Pods-ActorApp.debug.xcconfig */ = {isa = PBXFileReference; includeInIndex = 1; lastKnownFileType = text.xcconfig; name = "Pods-ActorApp.debug.xcconfig"; path = "Pods/Target Support Files/Pods-ActorApp/Pods-ActorApp.debug.xcconfig"; sourceTree = "<group>"; };
		83228B1B49BDB7F5D71E8D76 /* Pods-ActorApp.release.xcconfig */ = {isa = PBXFileReference; includeInIndex = 1; lastKnownFileType = text.xcconfig; name = "Pods-ActorApp.release.xcconfig"; path = "Pods/Target Support Files/Pods-ActorApp/Pods-ActorApp.release.xcconfig"; sourceTree = "<group>"; };
		B30D5B68EC3C911BB612D6EA /* ActorClient-Bridging-Header.h */ = {isa = PBXFileReference; fileEncoding = 4; lastKnownFileType = sourcecode.c.h; path = "ActorClient-Bridging-Header.h"; sourceTree = "<group>"; };
		D04A4CF66F9FEFE30F6DFC3F /* libPods-ActorApp.a */ = {isa = PBXFileReference; explicitFileType = archive.ar; includeInIndex = 0; path = "libPods-ActorApp.a"; sourceTree = BUILT_PRODUCTS_DIR; };
/* End PBXFileReference section */

/* Begin PBXFrameworksBuildPhase section */
		2537F82A1A966B9D004A02E9 /* Frameworks */ = {
			isa = PBXFrameworksBuildPhase;
			buildActionMask = 2147483647;
			files = (
				06B9DC3E1B55F0DA0053182B /* CloudKit.framework in Frameworks */,
				3953FBAB7FF33E9872029004 /* libPods-ActorApp.a in Frameworks */,
			);
			runOnlyForDeploymentPostprocessing = 0;
		};
		2537F8461A966B9D004A02E9 /* Frameworks */ = {
			isa = PBXFrameworksBuildPhase;
			buildActionMask = 2147483647;
			files = (
			);
			runOnlyForDeploymentPostprocessing = 0;
		};
/* End PBXFrameworksBuildPhase section */

/* Begin PBXGroup section */
		050B22671ACC010200A0E904 /* Auth */ = {
			isa = PBXGroup;
			children = (
				050B22691ACC010200A0E904 /* AuthPhoneViewController.swift */,
				050B22681ACC010200A0E904 /* AuthCountriesViewController.swift */,
				050B226A1ACC010200A0E904 /* AuthSmsViewController.swift */,
				050B226B1ACC010200A0E904 /* AuthRegisterViewController.swift */,
				060323611AE0667400C73C0F /* AuthViewController.swift */,
				064153FA1B4A22EB00238CB0 /* Cells */,
			);
			path = Auth;
			sourceTree = "<group>";
		};
		050E99B01ACB4D410052C06B /* Controllers */ = {
			isa = PBXGroup;
			children = (
				050B22671ACC010200A0E904 /* Auth */,
				0612BC901AE48FDB001EE387 /* Main */,
				064153E51B4A0FCA00238CB0 /* Dialogs */,
				0541A0551ACDA5210028E983 /* Conversation */,
				064154001B4A269C00238CB0 /* Contacts */,
				06CC9B601AFAD81900377F67 /* Compose */,
				064153E61B4A0FD700238CB0 /* Discover */,
				05E706441AD1F5FD009F09D8 /* Settings */,
				054A25251AD06D030013FAAA /* User */,
				0541A0561ACDA5730028E983 /* Group */,
			);
			path = Controllers;
			sourceTree = "<group>";
		};
		0541A0551ACDA5210028E983 /* Conversation */ = {
			isa = PBXGroup;
			children = (
				0564F9E61AD858CC00D8CDF1 /* ConversationViewController.swift */,
				06ABC7861AB05C3300C1B932 /* ConversationMessagesViewController.swift */,
				05FCE88F1AD80320002F0398 /* Cells */,
			);
			path = Conversation;
			sourceTree = "<group>";
		};
		0541A0561ACDA5730028E983 /* Group */ = {
			isa = PBXGroup;
			children = (
				0541A0571ACDA57E0028E983 /* GroupViewController.swift */,
				05B1A46F1AD01311005F691D /* AddParticipantViewController.swift */,
				0657E1A21B26240A0017B724 /* InviteLinkViewController.swift */,
				06AAC60E1B41BE7700F0931B /* IntegrationViewController.swift */,
				064153F81B4A22C200238CB0 /* Cells */,
			);
			path = Group;
			sourceTree = "<group>";
		};
		054A25251AD06D030013FAAA /* User */ = {
			isa = PBXGroup;
			children = (
				054A25261AD06D250013FAAA /* UserViewController.swift */,
			);
			path = User;
			sourceTree = "<group>";
		};
		05B432941ACC08810073BA69 /* Views */ = {
			isa = PBXGroup;
			children = (
				0539C7311ADBBA1F00898269 /* AvatarView.swift */,
				05B1A46C1AD0015B005F691D /* BigPlaceholderView.swift */,
				06562FB51B30717A001E4B68 /* UATableData.swift */,
				065A51C91ABA5A9100B48088 /* TableViewSeparator.swift */,
				0672D2021AE676D60001CD32 /* TableViewHeader.swift */,
				05C402FB1AD16AAA0075F256 /* UserPhotoCell.swift */,
				0541A05D1ACDA7420028E983 /* GroupPhotoCell.swift */,
				064153FD1B4A262300238CB0 /* ABActionShit */,
				2537F8691A9762DB004A02E9 /* ABPhoneField */,
				064153FC1B4A261A00238CB0 /* Progress */,
				064153FB1B4A25FF00238CB0 /* Cells */,
			);
			path = Views;
			sourceTree = "<group>";
		};
		05E706441AD1F5FD009F09D8 /* Settings */ = {
			isa = PBXGroup;
			children = (
				05E706451AD1F665009F09D8 /* SettingsViewController.swift */,
				05E706481AD3EDE0009F09D8 /* SettingsPrivacyViewController.swift */,
				05E7064A1AD3EDEF009F09D8 /* SettingsNotificationsViewController.swift */,
			);
			path = Settings;
			sourceTree = "<group>";
		};
		05FCE88F1AD80320002F0398 /* Cells */ = {
			isa = PBXGroup;
			children = (
				06AAC6011B3DAF0700F0931B /* BubbleLayouts.swift */,
				0671444F1AB089B000364820 /* AABubbleCell.swift */,
				067144511AB0947000364820 /* AABubbleTextCell.swift */,
				06BC45141AB87ECB0003F59E /* AABubbleMediaCell.swift */,
				065A51CB1ABB441E00B48088 /* AABubbleServiceCell.swift */,
				05FCE8901AD80340002F0398 /* AABubbleDocumentCell.swift */,
				06A6FCF61B088F78000E11CE /* AABubbleBaseFileCell.swift */,
				06F46F0E1B129FE0009E3308 /* AABubbleAdCell.swift */,
				06AABD501B3D90B100F0931B /* LayoutCache.swift */,
				06AAC5FE1B3DACAE00F0931B /* BubbleBackgroundProcessor.swift */,
				06AAC6061B3EBABB00F0931B /* MessagesLayout.swift */,
				065811EF1B71916000A6AA96 /* AutoCompleteCell.swift */,
			);
			path = Cells;
			sourceTree = "<group>";
		};
		0612BC901AE48FDB001EE387 /* Main */ = {
			isa = PBXGroup;
			children = (
				06ABC7821AAF57A000C1B932 /* MainTabViewController.swift */,
				060323651AE07D1000C73C0F /* MainSplitViewController.swift */,
				0603232B1ADF04FA00C73C0F /* NoSelectionViewController.swift */,
			);
			path = Main;
			sourceTree = "<group>";
		};
		0623AC501B001F61007CD6B7 /* Sounds */ = {
			isa = PBXGroup;
			children = (
				068A032E1B0169600001092D /* notification.caf */,
				068A032F1B0169610001092D /* silence.caf */,
				0623AC511B001F8E007CD6B7 /* ariel.caf */,
				0623AC521B001F8E007CD6B7 /* carme.caf */,
				0623AC531B001F8E007CD6B7 /* ceres.caf */,
				0623AC541B001F8E007CD6B7 /* elara.caf */,
				0623AC551B001F8E007CD6B7 /* europa.caf */,
				0623AC561B001F8E007CD6B7 /* iapetus.caf */,
				0623AC571B001F8E007CD6B7 /* io.caf */,
				0623AC581B001F8E007CD6B7 /* rhea.caf */,
				0623AC591B001F8E007CD6B7 /* salacia.caf */,
				0623AC5A1B001F8E007CD6B7 /* tethys.caf */,
				0623AC5B1B001F8E007CD6B7 /* titan.caf */,
			);
			path = Sounds;
			sourceTree = "<group>";
		};
		064153E51B4A0FCA00238CB0 /* Dialogs */ = {
			isa = PBXGroup;
			children = (
				06E281DC1AAEDDB00070EE18 /* DialogsViewController.swift */,
				05C8905A1AD71EAB002BD07A /* DialogsSearchSource.swift */,
				064154021B4A278000238CB0 /* Cells */,
			);
			path = Dialogs;
			sourceTree = "<group>";
		};
		064153E61B4A0FD700238CB0 /* Discover */ = {
			isa = PBXGroup;
			children = (
				06AAC6111B41DB1200F0931B /* DiscoverViewController.swift */,
				06AAD78F1B42F23000F0931B /* JoinPublicViewContoller.swift */,
				064154041B4A2CE200238CB0 /* Cells */,
			);
			path = Discover;
			sourceTree = "<group>";
		};
		064153F81B4A22C200238CB0 /* Cells */ = {
			isa = PBXGroup;
			children = (
				0541A05F1ACDA7660028E983 /* GroupMemberCell.swift */,
			);
			path = Cells;
			sourceTree = "<group>";
		};
		064153FA1B4A22EB00238CB0 /* Cells */ = {
			isa = PBXGroup;
			children = (
				05B432961ACC08D40073BA69 /* AuthCountryCell.swift */,
			);
			path = Cells;
			sourceTree = "<group>";
		};
		064153FB1B4A25FF00238CB0 /* Cells */ = {
			isa = PBXGroup;
			children = (
				0699D4D31ADD9F0C0005AB9B /* BasicCell.swift */,
				0541A0641ACDA7A20028E983 /* CommonCell.swift */,
				05EDCD3A1ADDA97F00C57CEF /* TitledCell.swift */,
				065811EB1B71781900A6AA96 /* TextCell.swift */,
				065811F11B71C8E800A6AA96 /* UATableViewCell.swift */,
			);
			path = Cells;
			sourceTree = "<group>";
		};
		064153FC1B4A261A00238CB0 /* Progress */ = {
			isa = PBXGroup;
			children = (
				06BC45161AB889110003F59E /* CircullarProgress.swift */,
				0671592B1ABBC49D00D95719 /* CircullarNode.swift */,
			);
			path = Progress;
			sourceTree = "<group>";
		};
		064153FD1B4A262300238CB0 /* ABActionShit */ = {
			isa = PBXGroup;
			children = (
				06A16C231ACA9F5700EA96BD /* ABActionShit.h */,
				06A16C241ACA9F5700EA96BD /* ABActionShit.m */,
			);
			path = ABActionShit;
			sourceTree = "<group>";
		};
		064154001B4A269C00238CB0 /* Contacts */ = {
			isa = PBXGroup;
			children = (
				06ABC77C1AAF458B00C1B932 /* ContactsViewController.swift */,
				069FE6CB1AC017BC00C6C033 /* ContactsBaseViewController.swift */,
				062774381AC073D700A4A8B3 /* ContactsSearchSource.swift */,
				064154011B4A276A00238CB0 /* Cells */,
			);
			path = Contacts;
			sourceTree = "<group>";
		};
		064154011B4A276A00238CB0 /* Cells */ = {
			isa = PBXGroup;
			children = (
				06B356F51AB8C7BB00405472 /* ContactCell.swift */,
				0699D4D51ADDA0B30005AB9B /* ContactActionCell.swift */,
			);
			path = Cells;
			sourceTree = "<group>";
		};
		064154021B4A278000238CB0 /* Cells */ = {
			isa = PBXGroup;
			children = (
				06BFDB501AB1AD3800F16E43 /* DialogCell.swift */,
				05C890571AD71DED002BD07A /* DialogsSearchCell.swift */,
			);
			path = Cells;
			sourceTree = "<group>";
		};
		064154031B4A29C300238CB0 /* Controllers Support */ = {
			isa = PBXGroup;
			children = (
				06F6B7111AB0F53400A7DB91 /* Binder.swift */,
				06AAC6081B3ED39500F0931B /* Alerts.swift */,
				0603232F1ADF078200C73C0F /* Navigtions.swift */,
				056911EF1ACF321300D4D209 /* Executions.swift */,
				06ABC77A1AAF39B500C1B932 /* EngineListController.swift */,
				062774361AC070F700A4A8B3 /* SearchSource.swift */,
				050E99B71ACB4D410052C06B /* AANavigationController.swift */,
				050E99B81ACB4D410052C06B /* AATableViewController.swift */,
				050E99BF1ACB510A0052C06B /* AAViewController.swift */,
				0623AC491AFFB436007CD6B7 /* AAImagePickerController.swift */,
				065811F31B71DE4000A6AA96 /* EditTextController.swift */,
			);
			path = "Controllers Support";
			sourceTree = "<group>";
		};
		064154041B4A2CE200238CB0 /* Cells */ = {
			isa = PBXGroup;
			children = (
				06AAD78D1B41FE4B00F0931B /* PublicCell.swift */,
			);
			name = Cells;
			sourceTree = "<group>";
		};
		0649DCE91AE6472200070F7D /* Providers */ = {
			isa = PBXGroup;
			children = (
				06CFA9731B65DD9F007606CA /* Concurrency */,
				063BCF301AB7AC0F00D469AB /* iOSNotificationProvider.swift */,
				06A5B0E41AEE8A47003E134A /* iOSPhoneBookProvider.swift */,
				06896B0F1AFF204100BA271D /* MixpanelProvider.swift */,
			);
			path = Providers;
			sourceTree = "<group>";
		};
		0672D1FF1AE64C670001CD32 /* Resources */ = {
			isa = PBXGroup;
			children = (
				0623AC501B001F61007CD6B7 /* Sounds */,
				06F6B70F1AB0CE9600A7DB91 /* Resouces.swift */,
				0699D4C01ADC80B20005AB9B /* AppTheme.swift */,
				0672D2001AE64CAB0001CD32 /* LlectroTheme.swift */,
				2537F8421A966B9D004A02E9 /* LaunchScreen.xib */,
				0692F6EC1AD77AA300D61AFB /* Images.xcassets */,
				0699D4C81ADC8D820005AB9B /* Localizable.strings */,
				069B09D41B633F29005A17C5 /* InfoPlist.strings */,
			);
			name = Resources;
			path = ../Actor/Resources;
			sourceTree = "<group>";
		};
		06CC9B601AFAD81900377F67 /* Compose */ = {
			isa = PBXGroup;
			children = (
				069FE6CD1AC01A6300C6C033 /* ComposeController.swift */,
				06CC9B5E1AFAD80400377F67 /* GroupCreateViewController.swift */,
				065CFFEF1ABFB2AE00257E68 /* GroupMembersController.swift */,
			);
			path = Compose;
			sourceTree = "<group>";
		};
		06CCE9411AD4A68200A17705 /* Pods */ = {
			isa = PBXGroup;
			children = (
				06CCE9371AD4A67C00A17705 /* Pods-ActorApp.debug.xcconfig */,
				06CCE93B1AD4A67C00A17705 /* Pods-ActorApp.release.xcconfig */,
			);
			name = Pods;
			sourceTree = "<group>";
		};
		06CFA9731B65DD9F007606CA /* Concurrency */ = {
			isa = PBXGroup;
			children = (
				06CFA9741B65DDA9007606CA /* SwiftTimer.swift */,
			);
			name = Concurrency;
			sourceTree = "<group>";
		};
		06E4842C1AB78D7E00AA272F /* Utils */ = {
			isa = PBXGroup;
			children = (
				06562FBB1B3112F8001E4B68 /* Device.swift */,
				06FA65631AB19DE000BE0A41 /* Images.swift */,
				064903781AB38C6200FA7B1C /* Strings.swift */,
				06E484301AB7933100AA272F /* LruCache.swift */,
				050B225C1ACBE5B900A0E904 /* Colors.swift */,
				051542E61ACD18050062E3E3 /* Utils.swift */,
				0699D4CC1ADCA18E0005AB9B /* UIAppearance+Swift.h */,
				0699D4CE1ADCA1FA0005AB9B /* UIAppearance+Swift.m */,
				0699D4D01ADCA2B90005AB9B /* UIBarAppearance+Swift.m */,
				0699D4D21ADCA2CC0005AB9B /* UIBarAppearance+Swift.h */,
				060E8BF71B085EDF0000FFB8 /* FileTypes.swift */,
				06A6FCF81B08ADD1000E11CE /* Views.swift */,
				06AAC60A1B3ED52100F0931B /* AssociatedObject.swift */,
				069B09C81B603A3E005A17C5 /* FastCache.swift */,
				0607BAA21B659EB20038A741 /* MeasureUtils.swift */,
			);
			path = Utils;
			sourceTree = "<group>";
		};
		06F579801B7DED9000E62315 /* Runtime */ = {
			isa = PBXGroup;
			children = (
				256388CB1A99C7B500A5E0E3 /* Storage */,
				06D8D8C31AB43BA100A80E40 /* CocoaStorage.swift */,
				06ED29851AB2373800719875 /* CocoaFileSystem.swift */,
				06A5B8D31AEE9CB2003E134A /* CocoaHttpProvider.swift */,
				06F579811B7E095C00E62315 /* CocoaTcpRuntime.swift */,
			);
			name = Runtime;
			sourceTree = "<group>";
		};
		2537F8241A966B9D004A02E9 = {
			isa = PBXGroup;
			children = (
				2537F82F1A966B9D004A02E9 /* Actor */,
				2537F82E1A966B9D004A02E9 /* Products */,
				E2A36FB6A30EED3811CC45C6 /* Frameworks */,
				F3BE6A9B4E0BA3054C00DD85 /* Pods */,
			);
			sourceTree = "<group>";
		};
		2537F82E1A966B9D004A02E9 /* Products */ = {
			isa = PBXGroup;
			children = (
				2537F82D1A966B9D004A02E9 /* ActorApp.app */,
				2537F8491A966B9D004A02E9 /* ActorAppAppTests.xctest */,
			);
			name = Products;
			sourceTree = "<group>";
		};
		2537F82F1A966B9D004A02E9 /* Actor */ = {
			isa = PBXGroup;
			children = (
				050E99B01ACB4D410052C06B /* Controllers */,
				064154031B4A29C300238CB0 /* Controllers Support */,
				05B432941ACC08810073BA69 /* Views */,
				2563889E1A99C09D00A5E0E3 /* Core */,
				06E4842C1AB78D7E00AA272F /* Utils */,
				0672D1FF1AE64C670001CD32 /* Resources */,
				2537F8301A966B9D004A02E9 /* Supporting Files */,
				06CCE9411AD4A68200A17705 /* Pods */,
				06ABC7801AAF4E5A00C1B932 /* AppDelegate.swift */,
			);
			path = Actor;
			sourceTree = "<group>";
		};
		2537F8301A966B9D004A02E9 /* Supporting Files */ = {
			isa = PBXGroup;
			children = (
				06F579801B7DED9000E62315 /* Runtime */,
				064153E31B4A09E500238CB0 /* app.json */,
				2537F8311A966B9D004A02E9 /* Info.plist */,
				2537F8321A966B9D004A02E9 /* main.m */,
				B30D5B68EC3C911BB612D6EA /* ActorClient-Bridging-Header.h */,
				064154071B4A413400238CB0 /* ActorApp.entitlements */,
			);
			name = "Supporting Files";
			path = "../Actor/Supporting Files";
			sourceTree = "<group>";
		};
		2537F8691A9762DB004A02E9 /* ABPhoneField */ = {
			isa = PBXGroup;
			children = (
				2537F8651A9753DD004A02E9 /* ABPhoneField.h */,
				2537F8661A9753DD004A02E9 /* ABPhoneField.m */,
				2537F86A1A9762F6004A02E9 /* PhoneFormats.dat */,
				2537F86B1A9762F6004A02E9 /* ABPhoneFieldCodes.txt */,
			);
			path = ABPhoneField;
			sourceTree = "<group>";
		};
		2563889E1A99C09D00A5E0E3 /* Core */ = {
			isa = PBXGroup;
			children = (
				0649DCE91AE6472200070F7D /* Providers */,
				06A92FA01AB24B2A0065B2FC /* Core.h */,
				06147B931AAE76E900931753 /* CocoaMessenger.swift */,
				06F6B7131AB0F56300A7DB91 /* Wrappers.swift */,
				06D8D8C11AB4390600A80E40 /* Conversions.swift */,
				064154051B4A35B700238CB0 /* Config.swift */,
			);
			path = Core;
			sourceTree = "<group>";
		};
		256388CB1A99C7B500A5E0E3 /* Storage */ = {
			isa = PBXGroup;
			children = (
				06D8D8BF1AB431D800A80E40 /* FMDBKeyValue.swift */,
				06D8D8BD1AB430EE00A80E40 /* FMDBExtensions.swift */,
				06FCF1731AB6042200422FEC /* UDPreferencesStorage.swift */,
				06FCF1791AB61D3800422FEC /* FMDBList.swift */,
				0607BAA41B65CCCF0038A741 /* FMDBIndex.swift */,
			);
			name = Storage;
			path = ../Core/Providers/Storage;
			sourceTree = "<group>";
		};
		E2A36FB6A30EED3811CC45C6 /* Frameworks */ = {
			isa = PBXGroup;
			children = (
				06B9DC3D1B55F0DA0053182B /* CloudKit.framework */,
				D04A4CF66F9FEFE30F6DFC3F /* libPods-ActorApp.a */,
			);
			name = Frameworks;
			sourceTree = "<group>";
		};
		F3BE6A9B4E0BA3054C00DD85 /* Pods */ = {
			isa = PBXGroup;
			children = (
				2D890431BAB17750EE5196FE /* Pods-ActorApp.debug.xcconfig */,
				83228B1B49BDB7F5D71E8D76 /* Pods-ActorApp.release.xcconfig */,
			);
			name = Pods;
			sourceTree = "<group>";
		};
/* End PBXGroup section */

/* Begin PBXNativeTarget section */
		2537F82C1A966B9D004A02E9 /* ActorApp */ = {
			isa = PBXNativeTarget;
			buildConfigurationList = 2537F8531A966B9D004A02E9 /* Build configuration list for PBXNativeTarget "ActorApp" */;
			buildPhases = (
				6DAFB7212B826813ECA4122E /* Check Pods Manifest.lock */,
				2537F8291A966B9D004A02E9 /* Sources */,
				2537F82A1A966B9D004A02E9 /* Frameworks */,
				2537F82B1A966B9D004A02E9 /* Resources */,
				1179632ED0F280786399FB3E /* Copy Pods Resources */,
			);
			buildRules = (
			);
			dependencies = (
			);
			name = ActorApp;
			productName = ActorClient;
			productReference = 2537F82D1A966B9D004A02E9 /* ActorApp.app */;
			productType = "com.apple.product-type.application";
		};
		2537F8481A966B9D004A02E9 /* ActorAppTests */ = {
			isa = PBXNativeTarget;
			buildConfigurationList = 2537F8561A966B9D004A02E9 /* Build configuration list for PBXNativeTarget "ActorAppTests" */;
			buildPhases = (
				2537F8451A966B9D004A02E9 /* Sources */,
				2537F8461A966B9D004A02E9 /* Frameworks */,
				2537F8471A966B9D004A02E9 /* Resources */,
			);
			buildRules = (
			);
			dependencies = (
				2537F84B1A966B9D004A02E9 /* PBXTargetDependency */,
			);
			name = ActorAppTests;
			productName = ActorClientTests;
			productReference = 2537F8491A966B9D004A02E9 /* ActorAppAppTests.xctest */;
			productType = "com.apple.product-type.bundle.unit-test";
		};
/* End PBXNativeTarget section */

/* Begin PBXProject section */
		2537F8251A966B9D004A02E9 /* Project object */ = {
			isa = PBXProject;
			attributes = {
				LastUpgradeCheck = 0610;
				ORGANIZATIONNAME = "Actor LLC";
				TargetAttributes = {
					2537F82C1A966B9D004A02E9 = {
						CreatedOnToolsVersion = 6.1.1;
						DevelopmentTeam = ZLY9DP39MF;
						SystemCapabilities = {
							com.apple.BackgroundModes = {
								enabled = 1;
							};
							com.apple.iCloud = {
								enabled = 1;
							};
						};
					};
					2537F8481A966B9D004A02E9 = {
						CreatedOnToolsVersion = 6.1.1;
						TestTargetID = 2537F82C1A966B9D004A02E9;
					};
				};
			};
			buildConfigurationList = 2537F8281A966B9D004A02E9 /* Build configuration list for PBXProject "ActorApp" */;
			compatibilityVersion = "Xcode 3.2";
			developmentRegion = English;
			hasScannedForEncodings = 0;
			knownRegions = (
				en,
				Base,
				"zh-Hans",
				ru,
				pt,
			);
			mainGroup = 2537F8241A966B9D004A02E9;
			productRefGroup = 2537F82E1A966B9D004A02E9 /* Products */;
			projectDirPath = "";
			projectRoot = "";
			targets = (
				2537F82C1A966B9D004A02E9 /* ActorApp */,
				2537F8481A966B9D004A02E9 /* ActorAppTests */,
			);
		};
/* End PBXProject section */

/* Begin PBXResourcesBuildPhase section */
		2537F82B1A966B9D004A02E9 /* Resources */ = {
			isa = PBXResourcesBuildPhase;
			buildActionMask = 2147483647;
			files = (
				064153F61B4A1F3D00238CB0 /* LaunchScreen.xib in Resources */,
				064153F71B4A1F3D00238CB0 /* Localizable.strings in Resources */,
				0692F6ED1AD77AA300D61AFB /* Images.xcassets in Resources */,
				0623AC651B001F8E007CD6B7 /* tethys.caf in Resources */,
				0623AC621B001F8E007CD6B7 /* io.caf in Resources */,
				0623AC631B001F8E007CD6B7 /* rhea.caf in Resources */,
				2537F86C1A9762F6004A02E9 /* PhoneFormats.dat in Resources */,
				0623AC661B001F8E007CD6B7 /* titan.caf in Resources */,
				2537F86D1A9762F6004A02E9 /* ABPhoneFieldCodes.txt in Resources */,
				0623AC5C1B001F8E007CD6B7 /* ariel.caf in Resources */,
				0623AC5F1B001F8E007CD6B7 /* elara.caf in Resources */,
				0623AC601B001F8E007CD6B7 /* europa.caf in Resources */,
				068A03311B0169610001092D /* silence.caf in Resources */,
				069B09D21B633F29005A17C5 /* InfoPlist.strings in Resources */,
				0623AC5D1B001F8E007CD6B7 /* carme.caf in Resources */,
				0623AC611B001F8E007CD6B7 /* iapetus.caf in Resources */,
				0623AC641B001F8E007CD6B7 /* salacia.caf in Resources */,
				064153E41B4A09E500238CB0 /* app.json in Resources */,
				06CCE9401AD4A67D00A17705 /* Pods-ActorApp.release.xcconfig in Resources */,
				0623AC5E1B001F8E007CD6B7 /* ceres.caf in Resources */,
				068A03301B0169610001092D /* notification.caf in Resources */,
				06CCE93C1AD4A67D00A17705 /* Pods-ActorApp.debug.xcconfig in Resources */,
			);
			runOnlyForDeploymentPostprocessing = 0;
		};
		2537F8471A966B9D004A02E9 /* Resources */ = {
			isa = PBXResourcesBuildPhase;
			buildActionMask = 2147483647;
			files = (
			);
			runOnlyForDeploymentPostprocessing = 0;
		};
/* End PBXResourcesBuildPhase section */

/* Begin PBXShellScriptBuildPhase section */
		1179632ED0F280786399FB3E /* Copy Pods Resources */ = {
			isa = PBXShellScriptBuildPhase;
			buildActionMask = 2147483647;
			files = (
			);
			inputPaths = (
			);
			name = "Copy Pods Resources";
			outputPaths = (
			);
			runOnlyForDeploymentPostprocessing = 0;
			shellPath = /bin/sh;
			shellScript = "\"${SRCROOT}/Pods/Target Support Files/Pods-ActorApp/Pods-ActorApp-resources.sh\"\n";
			showEnvVarsInLog = 0;
		};
		6DAFB7212B826813ECA4122E /* Check Pods Manifest.lock */ = {
			isa = PBXShellScriptBuildPhase;
			buildActionMask = 2147483647;
			files = (
			);
			inputPaths = (
			);
			name = "Check Pods Manifest.lock";
			outputPaths = (
			);
			runOnlyForDeploymentPostprocessing = 0;
			shellPath = /bin/sh;
			shellScript = "diff \"${PODS_ROOT}/../Podfile.lock\" \"${PODS_ROOT}/Manifest.lock\" > /dev/null\nif [[ $? != 0 ]] ; then\n    cat << EOM\nerror: The sandbox is not in sync with the Podfile.lock. Run 'pod install' or update your CocoaPods installation.\nEOM\n    exit 1\nfi\n";
			showEnvVarsInLog = 0;
		};
/* End PBXShellScriptBuildPhase section */

/* Begin PBXSourcesBuildPhase section */
		2537F8291A966B9D004A02E9 /* Sources */ = {
			isa = PBXSourcesBuildPhase;
			buildActionMask = 2147483647;
			files = (
				065A51CC1ABB441E00B48088 /* AABubbleServiceCell.swift in Sources */,
				067144521AB0947000364820 /* AABubbleTextCell.swift in Sources */,
				06AAC6071B3EBABB00F0931B /* MessagesLayout.swift in Sources */,
				054A25271AD06D250013FAAA /* UserViewController.swift in Sources */,
				050E99C01ACB510A0052C06B /* AAViewController.swift in Sources */,
				06A16C251ACA9F5700EA96BD /* ABActionShit.m in Sources */,
				0541A0601ACDA7660028E983 /* GroupMemberCell.swift in Sources */,
				06CC9B5F1AFAD80400377F67 /* GroupCreateViewController.swift in Sources */,
				0541A05E1ACDA7420028E983 /* GroupPhotoCell.swift in Sources */,
				0623AC4A1AFFB436007CD6B7 /* AAImagePickerController.swift in Sources */,
				05C8905B1AD71EAC002BD07A /* DialogsSearchSource.swift in Sources */,
				06562FB61B30717A001E4B68 /* UATableData.swift in Sources */,
				06F46F0F1B129FE0009E3308 /* AABubbleAdCell.swift in Sources */,
				05C890581AD71DED002BD07A /* DialogsSearchCell.swift in Sources */,
				05E706491AD3EDE0009F09D8 /* SettingsPrivacyViewController.swift in Sources */,
				06D8D8BE1AB430EE00A80E40 /* FMDBExtensions.swift in Sources */,
				060323621AE0667400C73C0F /* AuthViewController.swift in Sources */,
				06BC45171AB889110003F59E /* CircullarProgress.swift in Sources */,
				06562FBC1B3112F8001E4B68 /* Device.swift in Sources */,
				0541A0581ACDA57E0028E983 /* GroupViewController.swift in Sources */,
				065811F21B71C8E800A6AA96 /* UATableViewCell.swift in Sources */,
				06C65EA61AE7C0C40064BACE /* (null) in Sources */,
				06AAC60F1B41BE7700F0931B /* IntegrationViewController.swift in Sources */,
				06E484311AB7933100AA272F /* LruCache.swift in Sources */,
				05FCE8911AD80340002F0398 /* AABubbleDocumentCell.swift in Sources */,
				06147B941AAE76E900931753 /* CocoaMessenger.swift in Sources */,
				06F6B7101AB0CE9600A7DB91 /* Resouces.swift in Sources */,
				050E99BE1ACB4D410052C06B /* AATableViewController.swift in Sources */,
				060323661AE07D1000C73C0F /* MainSplitViewController.swift in Sources */,
				069B09C91B603A3E005A17C5 /* FastCache.swift in Sources */,
				062774371AC070F700A4A8B3 /* SearchSource.swift in Sources */,
				06AAD78E1B41FE4B00F0931B /* PublicCell.swift in Sources */,
				05EDCD3B1ADDA97F00C57CEF /* TitledCell.swift in Sources */,
				0564F9E71AD858CC00D8CDF1 /* ConversationViewController.swift in Sources */,
				06A6FCF71B088F78000E11CE /* AABubbleBaseFileCell.swift in Sources */,
				0539C7321ADBBA1F00898269 /* AvatarView.swift in Sources */,
				062774391AC073D700A4A8B3 /* ContactsSearchSource.swift in Sources */,
				0672D2011AE64CAB0001CD32 /* LlectroTheme.swift in Sources */,
				06FCF17A1AB61D3800422FEC /* FMDBList.swift in Sources */,
				0607BAA51B65CCCF0038A741 /* FMDBIndex.swift in Sources */,
				06ABC77B1AAF39B500C1B932 /* EngineListController.swift in Sources */,
				06896B101AFF204100BA271D /* MixpanelProvider.swift in Sources */,
				0671592C1ABBC49D00D95719 /* CircullarNode.swift in Sources */,
				05B432971ACC08D40073BA69 /* AuthCountryCell.swift in Sources */,
				06A5B8D41AEE9CB2003E134A /* CocoaHttpProvider.swift in Sources */,
				050B226F1ACC010200A0E904 /* AuthRegisterViewController.swift in Sources */,
				065A51CA1ABA5A9100B48088 /* TableViewSeparator.swift in Sources */,
				063BCF311AB7AC0F00D469AB /* iOSNotificationProvider.swift in Sources */,
				2537F8331A966B9D004A02E9 /* main.m in Sources */,
				06FCF1741AB6042200422FEC /* UDPreferencesStorage.swift in Sources */,
				050B225D1ACBE5B900A0E904 /* Colors.swift in Sources */,
				051542E71ACD18050062E3E3 /* Utils.swift in Sources */,
				0699D4CF1ADCA1FA0005AB9B /* UIAppearance+Swift.m in Sources */,
				05B1A4701AD01311005F691D /* AddParticipantViewController.swift in Sources */,
				06ABC7871AB05C3300C1B932 /* ConversationMessagesViewController.swift in Sources */,
				0657E1A31B26240A0017B724 /* InviteLinkViewController.swift in Sources */,
				0541A0651ACDA7A20028E983 /* CommonCell.swift in Sources */,
				06AABD511B3D90B100F0931B /* LayoutCache.swift in Sources */,
				069FE6CC1AC017BC00C6C033 /* ContactsBaseViewController.swift in Sources */,
				064154061B4A35B700238CB0 /* Config.swift in Sources */,
				06F579821B7E095C00E62315 /* CocoaTcpRuntime.swift in Sources */,
				06CFA9751B65DDA9007606CA /* SwiftTimer.swift in Sources */,
				06A6FCF91B08ADD1000E11CE /* Views.swift in Sources */,
				06F6B7121AB0F53400A7DB91 /* Binder.swift in Sources */,
				0672D2031AE676D60001CD32 /* TableViewHeader.swift in Sources */,
				0603232C1ADF04FA00C73C0F /* NoSelectionViewController.swift in Sources */,
				06B356F61AB8C7BB00405472 /* ContactCell.swift in Sources */,
				05E706461AD1F665009F09D8 /* SettingsViewController.swift in Sources */,
				060323301ADF078200C73C0F /* Navigtions.swift in Sources */,
				06AAD7901B42F23000F0931B /* JoinPublicViewContoller.swift in Sources */,
				06BFDB511AB1AD3800F16E43 /* DialogCell.swift in Sources */,
				069FE6CF1AC01A6300C6C033 /* ComposeController.swift in Sources */,
				06AAC5FF1B3DACAE00F0931B /* BubbleBackgroundProcessor.swift in Sources */,
				06AAC6021B3DAF0700F0931B /* BubbleLayouts.swift in Sources */,
				06ABC7831AAF57A000C1B932 /* MainTabViewController.swift in Sources */,
				06BC45151AB87ECB0003F59E /* AABubbleMediaCell.swift in Sources */,
				050B226D1ACC010200A0E904 /* AuthPhoneViewController.swift in Sources */,
				06D8D8C01AB431D800A80E40 /* FMDBKeyValue.swift in Sources */,
				065811F01B71916000A6AA96 /* AutoCompleteCell.swift in Sources */,
				06D8D8C41AB43BA100A80E40 /* CocoaStorage.swift in Sources */,
				050B226E1ACC010200A0E904 /* AuthSmsViewController.swift in Sources */,
				2537F8671A9753DD004A02E9 /* ABPhoneField.m in Sources */,
				064903791AB38C6200FA7B1C /* Strings.swift in Sources */,
				065811EC1B71781900A6AA96 /* TextCell.swift in Sources */,
				05E7064B1AD3EDEF009F09D8 /* SettingsNotificationsViewController.swift in Sources */,
				0699D4D61ADDA0B30005AB9B /* ContactActionCell.swift in Sources */,
				06FA65641AB19DE000BE0A41 /* Images.swift in Sources */,
				0607BAA31B659EB30038A741 /* MeasureUtils.swift in Sources */,
				067144501AB089B000364820 /* AABubbleCell.swift in Sources */,
				05C402FC1AD16AAA0075F256 /* UserPhotoCell.swift in Sources */,
				050B226C1ACC010200A0E904 /* AuthCountriesViewController.swift in Sources */,
				0699D4C11ADC80B20005AB9B /* AppTheme.swift in Sources */,
				06D8D8C21AB4390600A80E40 /* Conversions.swift in Sources */,
				06ED29861AB2373800719875 /* CocoaFileSystem.swift in Sources */,
				065811F41B71DE4000A6AA96 /* EditTextController.swift in Sources */,
				06AAC60B1B3ED52100F0931B /* AssociatedObject.swift in Sources */,
				0699D4D41ADD9F0C0005AB9B /* BasicCell.swift in Sources */,
				060E8BF81B085EDF0000FFB8 /* FileTypes.swift in Sources */,
				06AAC6121B41DB1200F0931B /* DiscoverViewController.swift in Sources */,
				050E99BD1ACB4D410052C06B /* AANavigationController.swift in Sources */,
				06ABC77E1AAF458B00C1B932 /* ContactsViewController.swift in Sources */,
				065CFFF11ABFB2AE00257E68 /* GroupMembersController.swift in Sources */,
				06E281DE1AAEDDB00070EE18 /* DialogsViewController.swift in Sources */,
				056911F01ACF321300D4D209 /* Executions.swift in Sources */,
				05B1A46D1AD0015B005F691D /* BigPlaceholderView.swift in Sources */,
				06F6B7141AB0F56300A7DB91 /* Wrappers.swift in Sources */,
				06AAC6091B3ED39500F0931B /* Alerts.swift in Sources */,
				06ABC7811AAF4E5A00C1B932 /* AppDelegate.swift in Sources */,
				0699D4D11ADCA2B90005AB9B /* UIBarAppearance+Swift.m in Sources */,
				06A5B0E51AEE8A47003E134A /* iOSPhoneBookProvider.swift in Sources */,
			);
			runOnlyForDeploymentPostprocessing = 0;
		};
		2537F8451A966B9D004A02E9 /* Sources */ = {
			isa = PBXSourcesBuildPhase;
			buildActionMask = 2147483647;
			files = (
			);
			runOnlyForDeploymentPostprocessing = 0;
		};
/* End PBXSourcesBuildPhase section */

/* Begin PBXTargetDependency section */
		2537F84B1A966B9D004A02E9 /* PBXTargetDependency */ = {
			isa = PBXTargetDependency;
			target = 2537F82C1A966B9D004A02E9 /* ActorApp */;
			targetProxy = 2537F84A1A966B9D004A02E9 /* PBXContainerItemProxy */;
		};
/* End PBXTargetDependency section */

/* Begin PBXVariantGroup section */
		0699D4C81ADC8D820005AB9B /* Localizable.strings */ = {
			isa = PBXVariantGroup;
			children = (
				0699D4C71ADC8D820005AB9B /* ru */,
				0699D4CA1ADC8D8C0005AB9B /* Base */,
				069B09CB1B633A46005A17C5 /* zh-Hans */,
				06738AF11B694DD9008DE798 /* pt */,
			);
			name = Localizable.strings;
			sourceTree = "<group>";
		};
		069B09D41B633F29005A17C5 /* InfoPlist.strings */ = {
			isa = PBXVariantGroup;
			children = (
				069B09D31B633F29005A17C5 /* Base */,
				069B09D61B633F2B005A17C5 /* ru */,
				069B09D71B633F2D005A17C5 /* zh-Hans */,
				06738AF21B694DD9008DE798 /* pt */,
			);
			name = InfoPlist.strings;
			sourceTree = "<group>";
		};
		2537F8421A966B9D004A02E9 /* LaunchScreen.xib */ = {
			isa = PBXVariantGroup;
			children = (
				2537F8431A966B9D004A02E9 /* Base */,
			);
			name = LaunchScreen.xib;
			path = ..;
			sourceTree = "<group>";
		};
/* End PBXVariantGroup section */

/* Begin XCBuildConfiguration section */
		2537F8511A966B9D004A02E9 /* Debug */ = {
			isa = XCBuildConfiguration;
			baseConfigurationReference = 06CCE9371AD4A67C00A17705 /* Pods-ActorApp.debug.xcconfig */;
			buildSettings = {
				ALWAYS_SEARCH_USER_PATHS = NO;
				CLANG_CXX_LANGUAGE_STANDARD = "gnu++0x";
				CLANG_CXX_LIBRARY = "libc++";
				CLANG_ENABLE_MODULES = YES;
				CLANG_ENABLE_OBJC_ARC = YES;
				CLANG_WARN_BOOL_CONVERSION = YES;
				CLANG_WARN_CONSTANT_CONVERSION = YES;
				CLANG_WARN_DIRECT_OBJC_ISA_USAGE = YES_ERROR;
				CLANG_WARN_EMPTY_BODY = YES;
				CLANG_WARN_ENUM_CONVERSION = YES;
				CLANG_WARN_INT_CONVERSION = YES;
				CLANG_WARN_OBJC_ROOT_CLASS = YES_ERROR;
				CLANG_WARN_UNREACHABLE_CODE = YES;
				CLANG_WARN__DUPLICATE_METHOD_MATCH = YES;
				"CODE_SIGN_IDENTITY[sdk=iphoneos*]" = "iPhone Developer";
				COPY_PHASE_STRIP = NO;
				ENABLE_STRICT_OBJC_MSGSEND = YES;
				GCC_C_LANGUAGE_STANDARD = gnu99;
				GCC_DYNAMIC_NO_PIC = NO;
				GCC_OPTIMIZATION_LEVEL = 0;
				GCC_PREPROCESSOR_DEFINITIONS = (
					"DEBUG=1",
					"$(inherited)",
				);
				GCC_SYMBOLS_PRIVATE_EXTERN = NO;
				GCC_WARN_64_TO_32_BIT_CONVERSION = YES;
				GCC_WARN_ABOUT_RETURN_TYPE = YES_ERROR;
				GCC_WARN_UNDECLARED_SELECTOR = YES;
				GCC_WARN_UNINITIALIZED_AUTOS = YES_AGGRESSIVE;
				GCC_WARN_UNUSED_FUNCTION = YES;
				GCC_WARN_UNUSED_VARIABLE = YES;
				IPHONEOS_DEPLOYMENT_TARGET = 7.0;
				MTL_ENABLE_DEBUG_INFO = YES;
				ONLY_ACTIVE_ARCH = YES;
				PRODUCT_NAME = Actor;
				SDKROOT = iphoneos;
				TARGETED_DEVICE_FAMILY = "1,2";
				VERSIONING_SYSTEM = "";
			};
			name = Debug;
		};
		2537F8521A966B9D004A02E9 /* Release */ = {
			isa = XCBuildConfiguration;
			baseConfigurationReference = 06CCE93B1AD4A67C00A17705 /* Pods-ActorApp.release.xcconfig */;
			buildSettings = {
				ALWAYS_SEARCH_USER_PATHS = NO;
				CLANG_CXX_LANGUAGE_STANDARD = "gnu++0x";
				CLANG_CXX_LIBRARY = "libc++";
				CLANG_ENABLE_MODULES = YES;
				CLANG_ENABLE_OBJC_ARC = YES;
				CLANG_WARN_BOOL_CONVERSION = YES;
				CLANG_WARN_CONSTANT_CONVERSION = YES;
				CLANG_WARN_DIRECT_OBJC_ISA_USAGE = YES_ERROR;
				CLANG_WARN_EMPTY_BODY = YES;
				CLANG_WARN_ENUM_CONVERSION = YES;
				CLANG_WARN_INT_CONVERSION = YES;
				CLANG_WARN_OBJC_ROOT_CLASS = YES_ERROR;
				CLANG_WARN_UNREACHABLE_CODE = YES;
				CLANG_WARN__DUPLICATE_METHOD_MATCH = YES;
				"CODE_SIGN_IDENTITY[sdk=iphoneos*]" = "iPhone Developer";
				COPY_PHASE_STRIP = YES;
				ENABLE_NS_ASSERTIONS = NO;
				ENABLE_STRICT_OBJC_MSGSEND = YES;
				GCC_C_LANGUAGE_STANDARD = gnu99;
				GCC_WARN_64_TO_32_BIT_CONVERSION = YES;
				GCC_WARN_ABOUT_RETURN_TYPE = YES_ERROR;
				GCC_WARN_UNDECLARED_SELECTOR = YES;
				GCC_WARN_UNINITIALIZED_AUTOS = YES_AGGRESSIVE;
				GCC_WARN_UNUSED_FUNCTION = YES;
				GCC_WARN_UNUSED_VARIABLE = YES;
				IPHONEOS_DEPLOYMENT_TARGET = 7.0;
				MTL_ENABLE_DEBUG_INFO = NO;
				PRODUCT_NAME = Actor;
				SDKROOT = iphoneos;
				TARGETED_DEVICE_FAMILY = "1,2";
				VALIDATE_PRODUCT = YES;
				VERSIONING_SYSTEM = "";
			};
			name = Release;
		};
		2537F8541A966B9D004A02E9 /* Debug */ = {
			isa = XCBuildConfiguration;
			baseConfigurationReference = 06CCE9371AD4A67C00A17705 /* Pods-ActorApp.debug.xcconfig */;
			buildSettings = {
				APP_NAME = Actor;
				ASSETCATALOG_COMPILER_APPICON_NAME = AppIcon;
				ASSETCATALOG_COMPILER_LAUNCHIMAGE_NAME = LaunchImage;
				CODE_SIGN_ENTITLEMENTS = "Actor/Supporting Files/ActorApp.entitlements";
				CODE_SIGN_IDENTITY = "iPhone Developer";
				"CODE_SIGN_IDENTITY[sdk=iphoneos*]" = "iPhone Developer";
				EMBEDDED_CONTENT_CONTAINS_SWIFT = YES;
				GCC_OPTIMIZATION_LEVEL = 0;
				GCC_PREFIX_HEADER = "";
				HEADER_SEARCH_PATHS = (
					"$(inherited)",
					"\"${PODS_ROOT}/Headers/Public\"",
					"\"${PODS_ROOT}/Headers/Public/J2ObjC\"",
					"\"${PODS_ROOT}/Headers/Public/RMPhoneFormat\"",
					"\"${PODS_ROOT}/Headers/Public/RegexKitLite\"",
					"\"${PODS_ROOT}/J2ObjC/dist/include\"",
				);
				INFOPLIST_FILE = "Actor/Supporting Files/Info.plist";
				IPHONEOS_DEPLOYMENT_TARGET = 7.0;
				LD_RUNPATH_SEARCH_PATHS = "$(inherited) @executable_path/Frameworks";
				LIBRARY_SEARCH_PATHS = (
					"$(inherited)",
					"$(PROJECT_DIR)",
					"$(PROJECT_DIR)/External",
				);
				ONLY_ACTIVE_ARCH = YES;
				PRODUCT_MODULE_NAME = ActorApp;
				PRODUCT_NAME = ActorApp;
				PROVISIONING_PROFILE = "";
				SWIFT_INSTALL_OBJC_HEADER = YES;
				SWIFT_OBJC_BRIDGING_HEADER = "Actor/Supporting Files/ActorClient-Bridging-Header.h";
				SWIFT_OPTIMIZATION_LEVEL = "-Onone";
				TARGETED_DEVICE_FAMILY = "1,2";
				USER_HEADER_SEARCH_PATHS = "";
			};
			name = Debug;
		};
		2537F8551A966B9D004A02E9 /* Release */ = {
			isa = XCBuildConfiguration;
			baseConfigurationReference = 06CCE93B1AD4A67C00A17705 /* Pods-ActorApp.release.xcconfig */;
			buildSettings = {
				APP_NAME = Actor;
				ASSETCATALOG_COMPILER_APPICON_NAME = AppIcon;
				ASSETCATALOG_COMPILER_LAUNCHIMAGE_NAME = LaunchImage;
				CODE_SIGN_ENTITLEMENTS = "Actor/Supporting Files/ActorApp.entitlements";
				CODE_SIGN_IDENTITY = "iPhone Developer";
				"CODE_SIGN_IDENTITY[sdk=iphoneos*]" = "iPhone Developer";
				EMBEDDED_CONTENT_CONTAINS_SWIFT = YES;
				GCC_OPTIMIZATION_LEVEL = 1;
				GCC_PREFIX_HEADER = "";
				HEADER_SEARCH_PATHS = (
					"$(inherited)",
					"\"${PODS_ROOT}/Headers/Public\"",
					"\"${PODS_ROOT}/Headers/Public/J2ObjC\"",
					"\"${PODS_ROOT}/Headers/Public/RMPhoneFormat\"",
					"\"${PODS_ROOT}/Headers/Public/RegexKitLite\"",
					"\"${PODS_ROOT}/J2ObjC/dist/include\"",
				);
				INFOPLIST_FILE = "Actor/Supporting Files/Info.plist";
				IPHONEOS_DEPLOYMENT_TARGET = 7.0;
				LD_RUNPATH_SEARCH_PATHS = "$(inherited) @executable_path/Frameworks";
				LIBRARY_SEARCH_PATHS = (
					"$(inherited)",
					"$(PROJECT_DIR)",
					"$(PROJECT_DIR)/External",
				);
				PRODUCT_MODULE_NAME = ActorApp;
				PRODUCT_NAME = ActorApp;
				PROVISIONING_PROFILE = "";
				SWIFT_INSTALL_OBJC_HEADER = YES;
				SWIFT_OBJC_BRIDGING_HEADER = "Actor/Supporting Files/ActorClient-Bridging-Header.h";
				SWIFT_OPTIMIZATION_LEVEL = "-Onone";
				TARGETED_DEVICE_FAMILY = "1,2";
				USER_HEADER_SEARCH_PATHS = "";
			};
			name = Release;
		};
		2537F8571A966B9D004A02E9 /* Debug */ = {
			isa = XCBuildConfiguration;
			buildSettings = {
				BUNDLE_LOADER = "$(TEST_HOST)";
				FRAMEWORK_SEARCH_PATHS = (
					"$(SDKROOT)/Developer/Library/Frameworks",
					"$(inherited)",
				);
				GCC_PREPROCESSOR_DEFINITIONS = (
					"DEBUG=1",
					"$(inherited)",
				);
				INFOPLIST_FILE = ActorClientTests/Info.plist;
				LD_RUNPATH_SEARCH_PATHS = "$(inherited) @executable_path/Frameworks @loader_path/Frameworks";
				PRODUCT_NAME = ActorAppAppTests;
				TEST_HOST = "$(BUILT_PRODUCTS_DIR)/ActorClient.app/ActorClient";
			};
			name = Debug;
		};
		2537F8581A966B9D004A02E9 /* Release */ = {
			isa = XCBuildConfiguration;
			buildSettings = {
				BUNDLE_LOADER = "$(TEST_HOST)";
				FRAMEWORK_SEARCH_PATHS = (
					"$(SDKROOT)/Developer/Library/Frameworks",
					"$(inherited)",
				);
				INFOPLIST_FILE = ActorClientTests/Info.plist;
				LD_RUNPATH_SEARCH_PATHS = "$(inherited) @executable_path/Frameworks @loader_path/Frameworks";
				PRODUCT_NAME = ActorAppAppTests;
				TEST_HOST = "$(BUILT_PRODUCTS_DIR)/ActorClient.app/ActorClient";
			};
			name = Release;
		};
/* End XCBuildConfiguration section */

/* Begin XCConfigurationList section */
		2537F8281A966B9D004A02E9 /* Build configuration list for PBXProject "ActorApp" */ = {
			isa = XCConfigurationList;
			buildConfigurations = (
				2537F8511A966B9D004A02E9 /* Debug */,
				2537F8521A966B9D004A02E9 /* Release */,
			);
			defaultConfigurationIsVisible = 0;
			defaultConfigurationName = Release;
		};
		2537F8531A966B9D004A02E9 /* Build configuration list for PBXNativeTarget "ActorApp" */ = {
			isa = XCConfigurationList;
			buildConfigurations = (
				2537F8541A966B9D004A02E9 /* Debug */,
				2537F8551A966B9D004A02E9 /* Release */,
			);
			defaultConfigurationIsVisible = 0;
			defaultConfigurationName = Release;
		};
		2537F8561A966B9D004A02E9 /* Build configuration list for PBXNativeTarget "ActorAppTests" */ = {
			isa = XCConfigurationList;
			buildConfigurations = (
				2537F8571A966B9D004A02E9 /* Debug */,
				2537F8581A966B9D004A02E9 /* Release */,
			);
			defaultConfigurationIsVisible = 0;
			defaultConfigurationName = Release;
		};
/* End XCConfigurationList section */
	};
	rootObject = 2537F8251A966B9D004A02E9 /* Project object */;
}
